// !$*UTF8*$!
{
	archiveVersion = 1;
	classes = {
	};
	objectVersion = 46;
	objects = {

/* Begin PBXBuildFile section */
		BC7115F61BAA56BF007022D2 /* RightSlideCustomView.m in Sources */ = {isa = PBXBuildFile; fileRef = BC7115F51BAA56BF007022D2 /* RightSlideCustomView.m */; };
		BC8563DE1BA659DD00E55884 /* UIButton_extra.m in Sources */ = {isa = PBXBuildFile; fileRef = BC8563DD1BA659DD00E55884 /* UIButton_extra.m */; };
		BC8563E51BA67C0B00E55884 /* setting@2x.png in Resources */ = {isa = PBXBuildFile; fileRef = BC8563E41BA67C0B00E55884 /* setting@2x.png */; };
		BC8563E91BA6B21B00E55884 /* FriendlistView.m in Sources */ = {isa = PBXBuildFile; fileRef = BC8563E81BA6B21B00E55884 /* FriendlistView.m */; };
		BC8563EC1BA6B24300E55884 /* OtherPlayView.m in Sources */ = {isa = PBXBuildFile; fileRef = BC8563EB1BA6B24300E55884 /* OtherPlayView.m */; };
		BC8563EF1BA6B25800E55884 /* MessingView.m in Sources */ = {isa = PBXBuildFile; fileRef = BC8563EE1BA6B25800E55884 /* MessingView.m */; };
		BC9EA3601BB001A40017E7E6 /* 0.gif in Resources */ = {isa = PBXBuildFile; fileRef = BC9EA2F51BB001A30017E7E6 /* 0.gif */; };
		BC9EA3611BB001A40017E7E6 /* 1.gif in Resources */ = {isa = PBXBuildFile; fileRef = BC9EA2F61BB001A30017E7E6 /* 1.gif */; };
		BC9EA3621BB001A40017E7E6 /* 10.gif in Resources */ = {isa = PBXBuildFile; fileRef = BC9EA2F71BB001A30017E7E6 /* 10.gif */; };
		BC9EA3631BB001A40017E7E6 /* 11.gif in Resources */ = {isa = PBXBuildFile; fileRef = BC9EA2F81BB001A30017E7E6 /* 11.gif */; };
		BC9EA3641BB001A40017E7E6 /* 12.gif in Resources */ = {isa = PBXBuildFile; fileRef = BC9EA2F91BB001A30017E7E6 /* 12.gif */; };
		BC9EA3651BB001A40017E7E6 /* 13.gif in Resources */ = {isa = PBXBuildFile; fileRef = BC9EA2FA1BB001A30017E7E6 /* 13.gif */; };
		BC9EA3661BB001A40017E7E6 /* 14.gif in Resources */ = {isa = PBXBuildFile; fileRef = BC9EA2FB1BB001A30017E7E6 /* 14.gif */; };
		BC9EA3671BB001A40017E7E6 /* 15.gif in Resources */ = {isa = PBXBuildFile; fileRef = BC9EA2FC1BB001A30017E7E6 /* 15.gif */; };
		BC9EA3681BB001A40017E7E6 /* 16.gif in Resources */ = {isa = PBXBuildFile; fileRef = BC9EA2FD1BB001A30017E7E6 /* 16.gif */; };
		BC9EA3691BB001A40017E7E6 /* 17.gif in Resources */ = {isa = PBXBuildFile; fileRef = BC9EA2FE1BB001A30017E7E6 /* 17.gif */; };
		BC9EA36A1BB001A40017E7E6 /* 18.gif in Resources */ = {isa = PBXBuildFile; fileRef = BC9EA2FF1BB001A30017E7E6 /* 18.gif */; };
		BC9EA36B1BB001A40017E7E6 /* 19.gif in Resources */ = {isa = PBXBuildFile; fileRef = BC9EA3001BB001A30017E7E6 /* 19.gif */; };
		BC9EA36C1BB001A40017E7E6 /* 2.gif in Resources */ = {isa = PBXBuildFile; fileRef = BC9EA3011BB001A30017E7E6 /* 2.gif */; };
		BC9EA36D1BB001A40017E7E6 /* 20.gif in Resources */ = {isa = PBXBuildFile; fileRef = BC9EA3021BB001A30017E7E6 /* 20.gif */; };
		BC9EA36E1BB001A40017E7E6 /* 21.gif in Resources */ = {isa = PBXBuildFile; fileRef = BC9EA3031BB001A30017E7E6 /* 21.gif */; };
		BC9EA36F1BB001A40017E7E6 /* 22.gif in Resources */ = {isa = PBXBuildFile; fileRef = BC9EA3041BB001A30017E7E6 /* 22.gif */; };
		BC9EA3701BB001A40017E7E6 /* 23.gif in Resources */ = {isa = PBXBuildFile; fileRef = BC9EA3051BB001A30017E7E6 /* 23.gif */; };
		BC9EA3711BB001A40017E7E6 /* 24.gif in Resources */ = {isa = PBXBuildFile; fileRef = BC9EA3061BB001A30017E7E6 /* 24.gif */; };
		BC9EA3721BB001A40017E7E6 /* 25.gif in Resources */ = {isa = PBXBuildFile; fileRef = BC9EA3071BB001A30017E7E6 /* 25.gif */; };
		BC9EA3731BB001A40017E7E6 /* 26.gif in Resources */ = {isa = PBXBuildFile; fileRef = BC9EA3081BB001A30017E7E6 /* 26.gif */; };
		BC9EA3741BB001A40017E7E6 /* 27.gif in Resources */ = {isa = PBXBuildFile; fileRef = BC9EA3091BB001A30017E7E6 /* 27.gif */; };
		BC9EA3751BB001A40017E7E6 /* 28.gif in Resources */ = {isa = PBXBuildFile; fileRef = BC9EA30A1BB001A30017E7E6 /* 28.gif */; };
		BC9EA3761BB001A40017E7E6 /* 29.gif in Resources */ = {isa = PBXBuildFile; fileRef = BC9EA30B1BB001A30017E7E6 /* 29.gif */; };
		BC9EA3771BB001A40017E7E6 /* 3.gif in Resources */ = {isa = PBXBuildFile; fileRef = BC9EA30C1BB001A30017E7E6 /* 3.gif */; };
		BC9EA3781BB001A40017E7E6 /* 30.gif in Resources */ = {isa = PBXBuildFile; fileRef = BC9EA30D1BB001A30017E7E6 /* 30.gif */; };
		BC9EA3791BB001A40017E7E6 /* 31.gif in Resources */ = {isa = PBXBuildFile; fileRef = BC9EA30E1BB001A30017E7E6 /* 31.gif */; };
		BC9EA37A1BB001A40017E7E6 /* 4.gif in Resources */ = {isa = PBXBuildFile; fileRef = BC9EA30F1BB001A30017E7E6 /* 4.gif */; };
		BC9EA37B1BB001A40017E7E6 /* 5.gif in Resources */ = {isa = PBXBuildFile; fileRef = BC9EA3101BB001A30017E7E6 /* 5.gif */; };
		BC9EA37C1BB001A40017E7E6 /* 6.gif in Resources */ = {isa = PBXBuildFile; fileRef = BC9EA3111BB001A30017E7E6 /* 6.gif */; };
		BC9EA37D1BB001A40017E7E6 /* 7.gif in Resources */ = {isa = PBXBuildFile; fileRef = BC9EA3121BB001A30017E7E6 /* 7.gif */; };
		BC9EA37E1BB001A40017E7E6 /* 8.gif in Resources */ = {isa = PBXBuildFile; fileRef = BC9EA3131BB001A30017E7E6 /* 8.gif */; };
		BC9EA37F1BB001A40017E7E6 /* 9.gif in Resources */ = {isa = PBXBuildFile; fileRef = BC9EA3141BB001A30017E7E6 /* 9.gif */; };
		BC9EA3801BB001A40017E7E6 /* a_0.gif in Resources */ = {isa = PBXBuildFile; fileRef = BC9EA3151BB001A30017E7E6 /* a_0.gif */; };
		BC9EA3811BB001A40017E7E6 /* a_1.gif in Resources */ = {isa = PBXBuildFile; fileRef = BC9EA3161BB001A30017E7E6 /* a_1.gif */; };
		BC9EA3821BB001A40017E7E6 /* a_10.gif in Resources */ = {isa = PBXBuildFile; fileRef = BC9EA3171BB001A30017E7E6 /* a_10.gif */; };
		BC9EA3831BB001A40017E7E6 /* a_11.gif in Resources */ = {isa = PBXBuildFile; fileRef = BC9EA3181BB001A30017E7E6 /* a_11.gif */; };
		BC9EA3841BB001A40017E7E6 /* a_12.gif in Resources */ = {isa = PBXBuildFile; fileRef = BC9EA3191BB001A30017E7E6 /* a_12.gif */; };
		BC9EA3851BB001A40017E7E6 /* a_13.gif in Resources */ = {isa = PBXBuildFile; fileRef = BC9EA31A1BB001A30017E7E6 /* a_13.gif */; };
		BC9EA3861BB001A40017E7E6 /* a_14.gif in Resources */ = {isa = PBXBuildFile; fileRef = BC9EA31B1BB001A30017E7E6 /* a_14.gif */; };
		BC9EA3871BB001A40017E7E6 /* a_15.gif in Resources */ = {isa = PBXBuildFile; fileRef = BC9EA31C1BB001A30017E7E6 /* a_15.gif */; };
		BC9EA3881BB001A40017E7E6 /* a_16.gif in Resources */ = {isa = PBXBuildFile; fileRef = BC9EA31D1BB001A30017E7E6 /* a_16.gif */; };
		BC9EA3891BB001A40017E7E6 /* a_17.gif in Resources */ = {isa = PBXBuildFile; fileRef = BC9EA31E1BB001A30017E7E6 /* a_17.gif */; };
		BC9EA38A1BB001A40017E7E6 /* a_18.gif in Resources */ = {isa = PBXBuildFile; fileRef = BC9EA31F1BB001A30017E7E6 /* a_18.gif */; };
		BC9EA38B1BB001A40017E7E6 /* a_19.gif in Resources */ = {isa = PBXBuildFile; fileRef = BC9EA3201BB001A30017E7E6 /* a_19.gif */; };
		BC9EA38C1BB001A40017E7E6 /* a_2.gif in Resources */ = {isa = PBXBuildFile; fileRef = BC9EA3211BB001A30017E7E6 /* a_2.gif */; };
		BC9EA38D1BB001A40017E7E6 /* a_20.gif in Resources */ = {isa = PBXBuildFile; fileRef = BC9EA3221BB001A30017E7E6 /* a_20.gif */; };
		BC9EA38E1BB001A40017E7E6 /* a_21.gif in Resources */ = {isa = PBXBuildFile; fileRef = BC9EA3231BB001A30017E7E6 /* a_21.gif */; };
		BC9EA38F1BB001A40017E7E6 /* a_22.gif in Resources */ = {isa = PBXBuildFile; fileRef = BC9EA3241BB001A30017E7E6 /* a_22.gif */; };
		BC9EA3901BB001A40017E7E6 /* a_23.gif in Resources */ = {isa = PBXBuildFile; fileRef = BC9EA3251BB001A30017E7E6 /* a_23.gif */; };
		BC9EA3911BB001A40017E7E6 /* a_24.gif in Resources */ = {isa = PBXBuildFile; fileRef = BC9EA3261BB001A30017E7E6 /* a_24.gif */; };
		BC9EA3921BB001A40017E7E6 /* a_25.gif in Resources */ = {isa = PBXBuildFile; fileRef = BC9EA3271BB001A30017E7E6 /* a_25.gif */; };
		BC9EA3931BB001A40017E7E6 /* a_26.gif in Resources */ = {isa = PBXBuildFile; fileRef = BC9EA3281BB001A30017E7E6 /* a_26.gif */; };
		BC9EA3941BB001A40017E7E6 /* a_27.gif in Resources */ = {isa = PBXBuildFile; fileRef = BC9EA3291BB001A30017E7E6 /* a_27.gif */; };
		BC9EA3951BB001A40017E7E6 /* a_28.gif in Resources */ = {isa = PBXBuildFile; fileRef = BC9EA32A1BB001A30017E7E6 /* a_28.gif */; };
		BC9EA3961BB001A40017E7E6 /* a_29.gif in Resources */ = {isa = PBXBuildFile; fileRef = BC9EA32B1BB001A30017E7E6 /* a_29.gif */; };
		BC9EA3971BB001A40017E7E6 /* a_3.gif in Resources */ = {isa = PBXBuildFile; fileRef = BC9EA32C1BB001A30017E7E6 /* a_3.gif */; };
		BC9EA3981BB001A40017E7E6 /* a_30.gif in Resources */ = {isa = PBXBuildFile; fileRef = BC9EA32D1BB001A30017E7E6 /* a_30.gif */; };
		BC9EA3991BB001A40017E7E6 /* a_31.gif in Resources */ = {isa = PBXBuildFile; fileRef = BC9EA32E1BB001A30017E7E6 /* a_31.gif */; };
		BC9EA39A1BB001A40017E7E6 /* a_4.gif in Resources */ = {isa = PBXBuildFile; fileRef = BC9EA32F1BB001A30017E7E6 /* a_4.gif */; };
		BC9EA39B1BB001A40017E7E6 /* a_5.gif in Resources */ = {isa = PBXBuildFile; fileRef = BC9EA3301BB001A30017E7E6 /* a_5.gif */; };
		BC9EA39C1BB001A40017E7E6 /* a_6.gif in Resources */ = {isa = PBXBuildFile; fileRef = BC9EA3311BB001A30017E7E6 /* a_6.gif */; };
		BC9EA39D1BB001A40017E7E6 /* a_7.gif in Resources */ = {isa = PBXBuildFile; fileRef = BC9EA3321BB001A30017E7E6 /* a_7.gif */; };
		BC9EA39E1BB001A40017E7E6 /* a_8.gif in Resources */ = {isa = PBXBuildFile; fileRef = BC9EA3331BB001A30017E7E6 /* a_8.gif */; };
		BC9EA39F1BB001A40017E7E6 /* a_9.gif in Resources */ = {isa = PBXBuildFile; fileRef = BC9EA3341BB001A40017E7E6 /* a_9.gif */; };
		BC9EA3A01BB001A40017E7E6 /* a_nothing.gif in Resources */ = {isa = PBXBuildFile; fileRef = BC9EA3351BB001A40017E7E6 /* a_nothing.gif */; };
		BC9EA3A11BB001A40017E7E6 /* b_0.gif in Resources */ = {isa = PBXBuildFile; fileRef = BC9EA3361BB001A40017E7E6 /* b_0.gif */; };
		BC9EA3A21BB001A40017E7E6 /* b_1.gif in Resources */ = {isa = PBXBuildFile; fileRef = BC9EA3371BB001A40017E7E6 /* b_1.gif */; };
		BC9EA3A31BB001A40017E7E6 /* b_10.gif in Resources */ = {isa = PBXBuildFile; fileRef = BC9EA3381BB001A40017E7E6 /* b_10.gif */; };
		BC9EA3A41BB001A40017E7E6 /* b_11.gif in Resources */ = {isa = PBXBuildFile; fileRef = BC9EA3391BB001A40017E7E6 /* b_11.gif */; };
		BC9EA3A51BB001A40017E7E6 /* b_12.gif in Resources */ = {isa = PBXBuildFile; fileRef = BC9EA33A1BB001A40017E7E6 /* b_12.gif */; };
		BC9EA3A61BB001A40017E7E6 /* b_13.gif in Resources */ = {isa = PBXBuildFile; fileRef = BC9EA33B1BB001A40017E7E6 /* b_13.gif */; };
		BC9EA3A71BB001A40017E7E6 /* b_14.gif in Resources */ = {isa = PBXBuildFile; fileRef = BC9EA33C1BB001A40017E7E6 /* b_14.gif */; };
		BC9EA3A81BB001A40017E7E6 /* b_15.gif in Resources */ = {isa = PBXBuildFile; fileRef = BC9EA33D1BB001A40017E7E6 /* b_15.gif */; };
		BC9EA3A91BB001A40017E7E6 /* b_16.gif in Resources */ = {isa = PBXBuildFile; fileRef = BC9EA33E1BB001A40017E7E6 /* b_16.gif */; };
		BC9EA3AA1BB001A40017E7E6 /* b_17.gif in Resources */ = {isa = PBXBuildFile; fileRef = BC9EA33F1BB001A40017E7E6 /* b_17.gif */; };
		BC9EA3AB1BB001A40017E7E6 /* b_18.gif in Resources */ = {isa = PBXBuildFile; fileRef = BC9EA3401BB001A40017E7E6 /* b_18.gif */; };
		BC9EA3AC1BB001A40017E7E6 /* b_19.gif in Resources */ = {isa = PBXBuildFile; fileRef = BC9EA3411BB001A40017E7E6 /* b_19.gif */; };
		BC9EA3AD1BB001A40017E7E6 /* b_2.gif in Resources */ = {isa = PBXBuildFile; fileRef = BC9EA3421BB001A40017E7E6 /* b_2.gif */; };
		BC9EA3AE1BB001A40017E7E6 /* b_20.gif in Resources */ = {isa = PBXBuildFile; fileRef = BC9EA3431BB001A40017E7E6 /* b_20.gif */; };
		BC9EA3AF1BB001A40017E7E6 /* b_21.gif in Resources */ = {isa = PBXBuildFile; fileRef = BC9EA3441BB001A40017E7E6 /* b_21.gif */; };
		BC9EA3B01BB001A40017E7E6 /* b_22.gif in Resources */ = {isa = PBXBuildFile; fileRef = BC9EA3451BB001A40017E7E6 /* b_22.gif */; };
		BC9EA3B11BB001A40017E7E6 /* b_23.gif in Resources */ = {isa = PBXBuildFile; fileRef = BC9EA3461BB001A40017E7E6 /* b_23.gif */; };
		BC9EA3B21BB001A40017E7E6 /* b_24.gif in Resources */ = {isa = PBXBuildFile; fileRef = BC9EA3471BB001A40017E7E6 /* b_24.gif */; };
		BC9EA3B31BB001A40017E7E6 /* b_25.gif in Resources */ = {isa = PBXBuildFile; fileRef = BC9EA3481BB001A40017E7E6 /* b_25.gif */; };
		BC9EA3B41BB001A40017E7E6 /* b_26.gif in Resources */ = {isa = PBXBuildFile; fileRef = BC9EA3491BB001A40017E7E6 /* b_26.gif */; };
		BC9EA3B51BB001A40017E7E6 /* b_27.gif in Resources */ = {isa = PBXBuildFile; fileRef = BC9EA34A1BB001A40017E7E6 /* b_27.gif */; };
		BC9EA3B61BB001A40017E7E6 /* b_28.gif in Resources */ = {isa = PBXBuildFile; fileRef = BC9EA34B1BB001A40017E7E6 /* b_28.gif */; };
		BC9EA3B71BB001A40017E7E6 /* b_29.gif in Resources */ = {isa = PBXBuildFile; fileRef = BC9EA34C1BB001A40017E7E6 /* b_29.gif */; };
		BC9EA3B81BB001A40017E7E6 /* b_3.gif in Resources */ = {isa = PBXBuildFile; fileRef = BC9EA34D1BB001A40017E7E6 /* b_3.gif */; };
		BC9EA3B91BB001A40017E7E6 /* b_30.gif in Resources */ = {isa = PBXBuildFile; fileRef = BC9EA34E1BB001A40017E7E6 /* b_30.gif */; };
		BC9EA3BA1BB001A40017E7E6 /* b_31.gif in Resources */ = {isa = PBXBuildFile; fileRef = BC9EA34F1BB001A40017E7E6 /* b_31.gif */; };
		BC9EA3BB1BB001A40017E7E6 /* b_4.gif in Resources */ = {isa = PBXBuildFile; fileRef = BC9EA3501BB001A40017E7E6 /* b_4.gif */; };
		BC9EA3BC1BB001A40017E7E6 /* b_5.gif in Resources */ = {isa = PBXBuildFile; fileRef = BC9EA3511BB001A40017E7E6 /* b_5.gif */; };
		BC9EA3BD1BB001A40017E7E6 /* b_6.gif in Resources */ = {isa = PBXBuildFile; fileRef = BC9EA3521BB001A40017E7E6 /* b_6.gif */; };
		BC9EA3BE1BB001A40017E7E6 /* b_7.gif in Resources */ = {isa = PBXBuildFile; fileRef = BC9EA3531BB001A40017E7E6 /* b_7.gif */; };
		BC9EA3BF1BB001A40017E7E6 /* b_8.gif in Resources */ = {isa = PBXBuildFile; fileRef = BC9EA3541BB001A40017E7E6 /* b_8.gif */; };
		BC9EA3C01BB001A40017E7E6 /* b_9.gif in Resources */ = {isa = PBXBuildFile; fileRef = BC9EA3551BB001A40017E7E6 /* b_9.gif */; };
		BC9EA3C11BB001A40017E7E6 /* b_nothing.gif in Resources */ = {isa = PBXBuildFile; fileRef = BC9EA3561BB001A40017E7E6 /* b_nothing.gif */; };
		BC9EA3C21BB001A40017E7E6 /* nothing.gif in Resources */ = {isa = PBXBuildFile; fileRef = BC9EA3571BB001A40017E7E6 /* nothing.gif */; };
		BC9EA3C31BB001A40017E7E6 /* r_b.gif in Resources */ = {isa = PBXBuildFile; fileRef = BC9EA3581BB001A40017E7E6 /* r_b.gif */; };
		BC9EA3C41BB001A40017E7E6 /* r_t1.gif in Resources */ = {isa = PBXBuildFile; fileRef = BC9EA3591BB001A40017E7E6 /* r_t1.gif */; };
		BC9EA3C51BB001A40017E7E6 /* Read me.txt in Resources */ = {isa = PBXBuildFile; fileRef = BC9EA35A1BB001A40017E7E6 /* Read me.txt */; };
		BC9EA3C61BB001A40017E7E6 /* tem1.gif in Resources */ = {isa = PBXBuildFile; fileRef = BC9EA35B1BB001A40017E7E6 /* tem1.gif */; };
		BC9EA3C71BB001A40017E7E6 /* tem2.gif in Resources */ = {isa = PBXBuildFile; fileRef = BC9EA35C1BB001A40017E7E6 /* tem2.gif */; };
		BC9EA3C81BB001A40017E7E6 /* tem3.gif in Resources */ = {isa = PBXBuildFile; fileRef = BC9EA35D1BB001A40017E7E6 /* tem3.gif */; };
		BC9EA3C91BB001A40017E7E6 /* tem4.gif in Resources */ = {isa = PBXBuildFile; fileRef = BC9EA35E1BB001A40017E7E6 /* tem4.gif */; };
		BC9EA3CA1BB001A40017E7E6 /* tem5.gif in Resources */ = {isa = PBXBuildFile; fileRef = BC9EA35F1BB001A40017E7E6 /* tem5.gif */; };
		BCA89B881BB1323300CD7B16 /* HYXMLPares.m in Sources */ = {isa = PBXBuildFile; fileRef = BCA89B871BB1323300CD7B16 /* HYXMLPares.m */; };
		BCA89BB31BB148E900CD7B16 /* AFHTTPRequestOperation.m in Sources */ = {isa = PBXBuildFile; fileRef = BCA89B8E1BB148E800CD7B16 /* AFHTTPRequestOperation.m */; };
		BCA89BB41BB148E900CD7B16 /* AFHTTPRequestOperationManager.m in Sources */ = {isa = PBXBuildFile; fileRef = BCA89B901BB148E800CD7B16 /* AFHTTPRequestOperationManager.m */; };
		BCA89BB51BB148E900CD7B16 /* AFHTTPSessionManager.m in Sources */ = {isa = PBXBuildFile; fileRef = BCA89B921BB148E800CD7B16 /* AFHTTPSessionManager.m */; };
		BCA89BB61BB148E900CD7B16 /* AFNetworkReachabilityManager.m in Sources */ = {isa = PBXBuildFile; fileRef = BCA89B951BB148E800CD7B16 /* AFNetworkReachabilityManager.m */; };
		BCA89BB71BB148E900CD7B16 /* AFSecurityPolicy.m in Sources */ = {isa = PBXBuildFile; fileRef = BCA89B971BB148E800CD7B16 /* AFSecurityPolicy.m */; };
		BCA89BB81BB148E900CD7B16 /* AFURLConnectionOperation.m in Sources */ = {isa = PBXBuildFile; fileRef = BCA89B991BB148E800CD7B16 /* AFURLConnectionOperation.m */; };
		BCA89BB91BB148E900CD7B16 /* AFURLRequestSerialization.m in Sources */ = {isa = PBXBuildFile; fileRef = BCA89B9B1BB148E800CD7B16 /* AFURLRequestSerialization.m */; };
		BCA89BBA1BB148E900CD7B16 /* AFURLResponseSerialization.m in Sources */ = {isa = PBXBuildFile; fileRef = BCA89B9D1BB148E800CD7B16 /* AFURLResponseSerialization.m */; };
		BCA89BBB1BB148E900CD7B16 /* AFURLSessionManager.m in Sources */ = {isa = PBXBuildFile; fileRef = BCA89B9F1BB148E800CD7B16 /* AFURLSessionManager.m */; };
		BCA89BBC1BB148E900CD7B16 /* AFNetworkActivityIndicatorManager.m in Sources */ = {isa = PBXBuildFile; fileRef = BCA89BA21BB148E800CD7B16 /* AFNetworkActivityIndicatorManager.m */; };
		BCA89BBD1BB148E900CD7B16 /* UIActivityIndicatorView+AFNetworking.m in Sources */ = {isa = PBXBuildFile; fileRef = BCA89BA41BB148E800CD7B16 /* UIActivityIndicatorView+AFNetworking.m */; };
		BCA89BBE1BB148E900CD7B16 /* UIAlertView+AFNetworking.m in Sources */ = {isa = PBXBuildFile; fileRef = BCA89BA61BB148E800CD7B16 /* UIAlertView+AFNetworking.m */; };
		BCA89BBF1BB148E900CD7B16 /* UIButton+AFNetworking.m in Sources */ = {isa = PBXBuildFile; fileRef = BCA89BA81BB148E800CD7B16 /* UIButton+AFNetworking.m */; };
		BCA89BC01BB148E900CD7B16 /* UIImageView+AFNetworking.m in Sources */ = {isa = PBXBuildFile; fileRef = BCA89BAB1BB148E800CD7B16 /* UIImageView+AFNetworking.m */; };
		BCA89BC11BB148E900CD7B16 /* UIProgressView+AFNetworking.m in Sources */ = {isa = PBXBuildFile; fileRef = BCA89BAE1BB148E900CD7B16 /* UIProgressView+AFNetworking.m */; };
		BCA89BC21BB148E900CD7B16 /* UIRefreshControl+AFNetworking.m in Sources */ = {isa = PBXBuildFile; fileRef = BCA89BB01BB148E900CD7B16 /* UIRefreshControl+AFNetworking.m */; };
		BCA89BC31BB148E900CD7B16 /* UIWebView+AFNetworking.m in Sources */ = {isa = PBXBuildFile; fileRef = BCA89BB21BB148E900CD7B16 /* UIWebView+AFNetworking.m */; };
		BCA89BC51BB1496000CD7B16 /* libsystem_configuration.dylib in Frameworks */ = {isa = PBXBuildFile; fileRef = BCA89BC41BB1496000CD7B16 /* libsystem_configuration.dylib */; };
		BCCD42931BAAA322002461A0 /* Leftcellview.m in Sources */ = {isa = PBXBuildFile; fileRef = BCCD42921BAAA322002461A0 /* Leftcellview.m */; };
		BCCD42961BAAA6C2002461A0 /* Model.m in Sources */ = {isa = PBXBuildFile; fileRef = BCCD42951BAAA6C2002461A0 /* Model.m */; };
		BCCD429B1BAAA828002461A0 /* DetialView.m in Sources */ = {isa = PBXBuildFile; fileRef = BCCD42981BAAA828002461A0 /* DetialView.m */; };
		BCCD429C1BAAA828002461A0 /* MyTableViewCell.m in Sources */ = {isa = PBXBuildFile; fileRef = BCCD429A1BAAA828002461A0 /* MyTableViewCell.m */; };
		EEA1808E1B328F1500A3186D /* main.m in Sources */ = {isa = PBXBuildFile; fileRef = EEA1808D1B328F1500A3186D /* main.m */; };
		EEA180911B328F1500A3186D /* AppDelegate.m in Sources */ = {isa = PBXBuildFile; fileRef = EEA180901B328F1500A3186D /* AppDelegate.m */; };
		EEA180991B328F1600A3186D /* Images.xcassets in Resources */ = {isa = PBXBuildFile; fileRef = EEA180981B328F1500A3186D /* Images.xcassets */; };
		EEA1809C1B328F1600A3186D /* LaunchScreen.xib in Resources */ = {isa = PBXBuildFile; fileRef = EEA1809A1B328F1600A3186D /* LaunchScreen.xib */; };
		EEA180A81B328F1600A3186D /* LeftSlideTests.m in Sources */ = {isa = PBXBuildFile; fileRef = EEA180A71B328F1600A3186D /* LeftSlideTests.m */; };
		EEA180B61B32907700A3186D /* LeftSlideViewController.m in Sources */ = {isa = PBXBuildFile; fileRef = EEA180B31B32907700A3186D /* LeftSlideViewController.m */; };
		EEA180B71B32907700A3186D /* UIView_extra.m in Sources */ = {isa = PBXBuildFile; fileRef = EEA180B51B32907700A3186D /* UIView_extra.m */; };
		EEA180BA1B3292A900A3186D /* MainPageViewController.m in Sources */ = {isa = PBXBuildFile; fileRef = EEA180B91B3292A900A3186D /* MainPageViewController.m */; };
		EEA180BD1B3292CB00A3186D /* LeftSortsViewController.m in Sources */ = {isa = PBXBuildFile; fileRef = EEA180BC1B3292CB00A3186D /* LeftSortsViewController.m */; };
		EEA180C01B32930100A3186D /* OtherViewController.m in Sources */ = {isa = PBXBuildFile; fileRef = EEA180BF1B32930100A3186D /* OtherViewController.m */; };
/* End PBXBuildFile section */

/* Begin PBXContainerItemProxy section */
		EEA180A21B328F1600A3186D /* PBXContainerItemProxy */ = {
			isa = PBXContainerItemProxy;
			containerPortal = EEA180801B328F1500A3186D /* Project object */;
			proxyType = 1;
			remoteGlobalIDString = EEA180871B328F1500A3186D;
			remoteInfo = LeftSlide;
		};
/* End PBXContainerItemProxy section */

/* Begin PBXFileReference section */
		BC7115F41BAA56BF007022D2 /* RightSlideCustomView.h */ = {isa = PBXFileReference; fileEncoding = 4; lastKnownFileType = sourcecode.c.h; path = RightSlideCustomView.h; sourceTree = "<group>"; };
		BC7115F51BAA56BF007022D2 /* RightSlideCustomView.m */ = {isa = PBXFileReference; fileEncoding = 4; lastKnownFileType = sourcecode.c.objc; path = RightSlideCustomView.m; sourceTree = "<group>"; };
		BC8563DC1BA659DD00E55884 /* UIButton_extra.h */ = {isa = PBXFileReference; fileEncoding = 4; lastKnownFileType = sourcecode.c.h; path = UIButton_extra.h; sourceTree = "<group>"; };
		BC8563DD1BA659DD00E55884 /* UIButton_extra.m */ = {isa = PBXFileReference; fileEncoding = 4; lastKnownFileType = sourcecode.c.objc; path = UIButton_extra.m; sourceTree = "<group>"; };
		BC8563E41BA67C0B00E55884 /* setting@2x.png */ = {isa = PBXFileReference; lastKnownFileType = image.png; name = "setting@2x.png"; path = "../../../.Trash/setting@2x.png"; sourceTree = "<group>"; };
		BC8563E71BA6B21B00E55884 /* FriendlistView.h */ = {isa = PBXFileReference; fileEncoding = 4; lastKnownFileType = sourcecode.c.h; path = FriendlistView.h; sourceTree = "<group>"; };
		BC8563E81BA6B21B00E55884 /* FriendlistView.m */ = {isa = PBXFileReference; fileEncoding = 4; lastKnownFileType = sourcecode.c.objc; path = FriendlistView.m; sourceTree = "<group>"; };
		BC8563EA1BA6B24300E55884 /* OtherPlayView.h */ = {isa = PBXFileReference; fileEncoding = 4; lastKnownFileType = sourcecode.c.h; path = OtherPlayView.h; sourceTree = "<group>"; };
		BC8563EB1BA6B24300E55884 /* OtherPlayView.m */ = {isa = PBXFileReference; fileEncoding = 4; lastKnownFileType = sourcecode.c.objc; path = OtherPlayView.m; sourceTree = "<group>"; };
		BC8563ED1BA6B25800E55884 /* MessingView.h */ = {isa = PBXFileReference; fileEncoding = 4; lastKnownFileType = sourcecode.c.h; path = MessingView.h; sourceTree = "<group>"; };
		BC8563EE1BA6B25800E55884 /* MessingView.m */ = {isa = PBXFileReference; fileEncoding = 4; lastKnownFileType = sourcecode.c.objc; path = MessingView.m; sourceTree = "<group>"; };
		BC9EA2F51BB001A30017E7E6 /* 0.gif */ = {isa = PBXFileReference; lastKnownFileType = image.gif; path = 0.gif; sourceTree = "<group>"; };
		BC9EA2F61BB001A30017E7E6 /* 1.gif */ = {isa = PBXFileReference; lastKnownFileType = image.gif; path = 1.gif; sourceTree = "<group>"; };
		BC9EA2F71BB001A30017E7E6 /* 10.gif */ = {isa = PBXFileReference; lastKnownFileType = image.gif; path = 10.gif; sourceTree = "<group>"; };
		BC9EA2F81BB001A30017E7E6 /* 11.gif */ = {isa = PBXFileReference; lastKnownFileType = image.gif; path = 11.gif; sourceTree = "<group>"; };
		BC9EA2F91BB001A30017E7E6 /* 12.gif */ = {isa = PBXFileReference; lastKnownFileType = image.gif; path = 12.gif; sourceTree = "<group>"; };
		BC9EA2FA1BB001A30017E7E6 /* 13.gif */ = {isa = PBXFileReference; lastKnownFileType = image.gif; path = 13.gif; sourceTree = "<group>"; };
		BC9EA2FB1BB001A30017E7E6 /* 14.gif */ = {isa = PBXFileReference; lastKnownFileType = image.gif; path = 14.gif; sourceTree = "<group>"; };
		BC9EA2FC1BB001A30017E7E6 /* 15.gif */ = {isa = PBXFileReference; lastKnownFileType = image.gif; path = 15.gif; sourceTree = "<group>"; };
		BC9EA2FD1BB001A30017E7E6 /* 16.gif */ = {isa = PBXFileReference; lastKnownFileType = image.gif; path = 16.gif; sourceTree = "<group>"; };
		BC9EA2FE1BB001A30017E7E6 /* 17.gif */ = {isa = PBXFileReference; lastKnownFileType = image.gif; path = 17.gif; sourceTree = "<group>"; };
		BC9EA2FF1BB001A30017E7E6 /* 18.gif */ = {isa = PBXFileReference; lastKnownFileType = image.gif; path = 18.gif; sourceTree = "<group>"; };
		BC9EA3001BB001A30017E7E6 /* 19.gif */ = {isa = PBXFileReference; lastKnownFileType = image.gif; path = 19.gif; sourceTree = "<group>"; };
		BC9EA3011BB001A30017E7E6 /* 2.gif */ = {isa = PBXFileReference; lastKnownFileType = image.gif; path = 2.gif; sourceTree = "<group>"; };
		BC9EA3021BB001A30017E7E6 /* 20.gif */ = {isa = PBXFileReference; lastKnownFileType = image.gif; path = 20.gif; sourceTree = "<group>"; };
		BC9EA3031BB001A30017E7E6 /* 21.gif */ = {isa = PBXFileReference; lastKnownFileType = image.gif; path = 21.gif; sourceTree = "<group>"; };
		BC9EA3041BB001A30017E7E6 /* 22.gif */ = {isa = PBXFileReference; lastKnownFileType = image.gif; path = 22.gif; sourceTree = "<group>"; };
		BC9EA3051BB001A30017E7E6 /* 23.gif */ = {isa = PBXFileReference; lastKnownFileType = image.gif; path = 23.gif; sourceTree = "<group>"; };
		BC9EA3061BB001A30017E7E6 /* 24.gif */ = {isa = PBXFileReference; lastKnownFileType = image.gif; path = 24.gif; sourceTree = "<group>"; };
		BC9EA3071BB001A30017E7E6 /* 25.gif */ = {isa = PBXFileReference; lastKnownFileType = image.gif; path = 25.gif; sourceTree = "<group>"; };
		BC9EA3081BB001A30017E7E6 /* 26.gif */ = {isa = PBXFileReference; lastKnownFileType = image.gif; path = 26.gif; sourceTree = "<group>"; };
		BC9EA3091BB001A30017E7E6 /* 27.gif */ = {isa = PBXFileReference; lastKnownFileType = image.gif; path = 27.gif; sourceTree = "<group>"; };
		BC9EA30A1BB001A30017E7E6 /* 28.gif */ = {isa = PBXFileReference; lastKnownFileType = image.gif; path = 28.gif; sourceTree = "<group>"; };
		BC9EA30B1BB001A30017E7E6 /* 29.gif */ = {isa = PBXFileReference; lastKnownFileType = image.gif; path = 29.gif; sourceTree = "<group>"; };
		BC9EA30C1BB001A30017E7E6 /* 3.gif */ = {isa = PBXFileReference; lastKnownFileType = image.gif; path = 3.gif; sourceTree = "<group>"; };
		BC9EA30D1BB001A30017E7E6 /* 30.gif */ = {isa = PBXFileReference; lastKnownFileType = image.gif; path = 30.gif; sourceTree = "<group>"; };
		BC9EA30E1BB001A30017E7E6 /* 31.gif */ = {isa = PBXFileReference; lastKnownFileType = image.gif; path = 31.gif; sourceTree = "<group>"; };
		BC9EA30F1BB001A30017E7E6 /* 4.gif */ = {isa = PBXFileReference; lastKnownFileType = image.gif; path = 4.gif; sourceTree = "<group>"; };
		BC9EA3101BB001A30017E7E6 /* 5.gif */ = {isa = PBXFileReference; lastKnownFileType = image.gif; path = 5.gif; sourceTree = "<group>"; };
		BC9EA3111BB001A30017E7E6 /* 6.gif */ = {isa = PBXFileReference; lastKnownFileType = image.gif; path = 6.gif; sourceTree = "<group>"; };
		BC9EA3121BB001A30017E7E6 /* 7.gif */ = {isa = PBXFileReference; lastKnownFileType = image.gif; path = 7.gif; sourceTree = "<group>"; };
		BC9EA3131BB001A30017E7E6 /* 8.gif */ = {isa = PBXFileReference; lastKnownFileType = image.gif; path = 8.gif; sourceTree = "<group>"; };
		BC9EA3141BB001A30017E7E6 /* 9.gif */ = {isa = PBXFileReference; lastKnownFileType = image.gif; path = 9.gif; sourceTree = "<group>"; };
		BC9EA3151BB001A30017E7E6 /* a_0.gif */ = {isa = PBXFileReference; lastKnownFileType = image.gif; path = a_0.gif; sourceTree = "<group>"; };
		BC9EA3161BB001A30017E7E6 /* a_1.gif */ = {isa = PBXFileReference; lastKnownFileType = image.gif; path = a_1.gif; sourceTree = "<group>"; };
		BC9EA3171BB001A30017E7E6 /* a_10.gif */ = {isa = PBXFileReference; lastKnownFileType = image.gif; path = a_10.gif; sourceTree = "<group>"; };
		BC9EA3181BB001A30017E7E6 /* a_11.gif */ = {isa = PBXFileReference; lastKnownFileType = image.gif; path = a_11.gif; sourceTree = "<group>"; };
		BC9EA3191BB001A30017E7E6 /* a_12.gif */ = {isa = PBXFileReference; lastKnownFileType = image.gif; path = a_12.gif; sourceTree = "<group>"; };
		BC9EA31A1BB001A30017E7E6 /* a_13.gif */ = {isa = PBXFileReference; lastKnownFileType = image.gif; path = a_13.gif; sourceTree = "<group>"; };
		BC9EA31B1BB001A30017E7E6 /* a_14.gif */ = {isa = PBXFileReference; lastKnownFileType = image.gif; path = a_14.gif; sourceTree = "<group>"; };
		BC9EA31C1BB001A30017E7E6 /* a_15.gif */ = {isa = PBXFileReference; lastKnownFileType = image.gif; path = a_15.gif; sourceTree = "<group>"; };
		BC9EA31D1BB001A30017E7E6 /* a_16.gif */ = {isa = PBXFileReference; lastKnownFileType = image.gif; path = a_16.gif; sourceTree = "<group>"; };
		BC9EA31E1BB001A30017E7E6 /* a_17.gif */ = {isa = PBXFileReference; lastKnownFileType = image.gif; path = a_17.gif; sourceTree = "<group>"; };
		BC9EA31F1BB001A30017E7E6 /* a_18.gif */ = {isa = PBXFileReference; lastKnownFileType = image.gif; path = a_18.gif; sourceTree = "<group>"; };
		BC9EA3201BB001A30017E7E6 /* a_19.gif */ = {isa = PBXFileReference; lastKnownFileType = image.gif; path = a_19.gif; sourceTree = "<group>"; };
		BC9EA3211BB001A30017E7E6 /* a_2.gif */ = {isa = PBXFileReference; lastKnownFileType = image.gif; path = a_2.gif; sourceTree = "<group>"; };
		BC9EA3221BB001A30017E7E6 /* a_20.gif */ = {isa = PBXFileReference; lastKnownFileType = image.gif; path = a_20.gif; sourceTree = "<group>"; };
		BC9EA3231BB001A30017E7E6 /* a_21.gif */ = {isa = PBXFileReference; lastKnownFileType = image.gif; path = a_21.gif; sourceTree = "<group>"; };
		BC9EA3241BB001A30017E7E6 /* a_22.gif */ = {isa = PBXFileReference; lastKnownFileType = image.gif; path = a_22.gif; sourceTree = "<group>"; };
		BC9EA3251BB001A30017E7E6 /* a_23.gif */ = {isa = PBXFileReference; lastKnownFileType = image.gif; path = a_23.gif; sourceTree = "<group>"; };
		BC9EA3261BB001A30017E7E6 /* a_24.gif */ = {isa = PBXFileReference; lastKnownFileType = image.gif; path = a_24.gif; sourceTree = "<group>"; };
		BC9EA3271BB001A30017E7E6 /* a_25.gif */ = {isa = PBXFileReference; lastKnownFileType = image.gif; path = a_25.gif; sourceTree = "<group>"; };
		BC9EA3281BB001A30017E7E6 /* a_26.gif */ = {isa = PBXFileReference; lastKnownFileType = image.gif; path = a_26.gif; sourceTree = "<group>"; };
		BC9EA3291BB001A30017E7E6 /* a_27.gif */ = {isa = PBXFileReference; lastKnownFileType = image.gif; path = a_27.gif; sourceTree = "<group>"; };
		BC9EA32A1BB001A30017E7E6 /* a_28.gif */ = {isa = PBXFileReference; lastKnownFileType = image.gif; path = a_28.gif; sourceTree = "<group>"; };
		BC9EA32B1BB001A30017E7E6 /* a_29.gif */ = {isa = PBXFileReference; lastKnownFileType = image.gif; path = a_29.gif; sourceTree = "<group>"; };
		BC9EA32C1BB001A30017E7E6 /* a_3.gif */ = {isa = PBXFileReference; lastKnownFileType = image.gif; path = a_3.gif; sourceTree = "<group>"; };
		BC9EA32D1BB001A30017E7E6 /* a_30.gif */ = {isa = PBXFileReference; lastKnownFileType = image.gif; path = a_30.gif; sourceTree = "<group>"; };
		BC9EA32E1BB001A30017E7E6 /* a_31.gif */ = {isa = PBXFileReference; lastKnownFileType = image.gif; path = a_31.gif; sourceTree = "<group>"; };
		BC9EA32F1BB001A30017E7E6 /* a_4.gif */ = {isa = PBXFileReference; lastKnownFileType = image.gif; path = a_4.gif; sourceTree = "<group>"; };
		BC9EA3301BB001A30017E7E6 /* a_5.gif */ = {isa = PBXFileReference; lastKnownFileType = image.gif; path = a_5.gif; sourceTree = "<group>"; };
		BC9EA3311BB001A30017E7E6 /* a_6.gif */ = {isa = PBXFileReference; lastKnownFileType = image.gif; path = a_6.gif; sourceTree = "<group>"; };
		BC9EA3321BB001A30017E7E6 /* a_7.gif */ = {isa = PBXFileReference; lastKnownFileType = image.gif; path = a_7.gif; sourceTree = "<group>"; };
		BC9EA3331BB001A30017E7E6 /* a_8.gif */ = {isa = PBXFileReference; lastKnownFileType = image.gif; path = a_8.gif; sourceTree = "<group>"; };
		BC9EA3341BB001A40017E7E6 /* a_9.gif */ = {isa = PBXFileReference; lastKnownFileType = image.gif; path = a_9.gif; sourceTree = "<group>"; };
		BC9EA3351BB001A40017E7E6 /* a_nothing.gif */ = {isa = PBXFileReference; lastKnownFileType = image.gif; path = a_nothing.gif; sourceTree = "<group>"; };
		BC9EA3361BB001A40017E7E6 /* b_0.gif */ = {isa = PBXFileReference; lastKnownFileType = image.gif; path = b_0.gif; sourceTree = "<group>"; };
		BC9EA3371BB001A40017E7E6 /* b_1.gif */ = {isa = PBXFileReference; lastKnownFileType = image.gif; path = b_1.gif; sourceTree = "<group>"; };
		BC9EA3381BB001A40017E7E6 /* b_10.gif */ = {isa = PBXFileReference; lastKnownFileType = image.gif; path = b_10.gif; sourceTree = "<group>"; };
		BC9EA3391BB001A40017E7E6 /* b_11.gif */ = {isa = PBXFileReference; lastKnownFileType = image.gif; path = b_11.gif; sourceTree = "<group>"; };
		BC9EA33A1BB001A40017E7E6 /* b_12.gif */ = {isa = PBXFileReference; lastKnownFileType = image.gif; path = b_12.gif; sourceTree = "<group>"; };
		BC9EA33B1BB001A40017E7E6 /* b_13.gif */ = {isa = PBXFileReference; lastKnownFileType = image.gif; path = b_13.gif; sourceTree = "<group>"; };
		BC9EA33C1BB001A40017E7E6 /* b_14.gif */ = {isa = PBXFileReference; lastKnownFileType = image.gif; path = b_14.gif; sourceTree = "<group>"; };
		BC9EA33D1BB001A40017E7E6 /* b_15.gif */ = {isa = PBXFileReference; lastKnownFileType = image.gif; path = b_15.gif; sourceTree = "<group>"; };
		BC9EA33E1BB001A40017E7E6 /* b_16.gif */ = {isa = PBXFileReference; lastKnownFileType = image.gif; path = b_16.gif; sourceTree = "<group>"; };
		BC9EA33F1BB001A40017E7E6 /* b_17.gif */ = {isa = PBXFileReference; lastKnownFileType = image.gif; path = b_17.gif; sourceTree = "<group>"; };
		BC9EA3401BB001A40017E7E6 /* b_18.gif */ = {isa = PBXFileReference; lastKnownFileType = image.gif; path = b_18.gif; sourceTree = "<group>"; };
		BC9EA3411BB001A40017E7E6 /* b_19.gif */ = {isa = PBXFileReference; lastKnownFileType = image.gif; path = b_19.gif; sourceTree = "<group>"; };
		BC9EA3421BB001A40017E7E6 /* b_2.gif */ = {isa = PBXFileReference; lastKnownFileType = image.gif; path = b_2.gif; sourceTree = "<group>"; };
		BC9EA3431BB001A40017E7E6 /* b_20.gif */ = {isa = PBXFileReference; lastKnownFileType = image.gif; path = b_20.gif; sourceTree = "<group>"; };
		BC9EA3441BB001A40017E7E6 /* b_21.gif */ = {isa = PBXFileReference; lastKnownFileType = image.gif; path = b_21.gif; sourceTree = "<group>"; };
		BC9EA3451BB001A40017E7E6 /* b_22.gif */ = {isa = PBXFileReference; lastKnownFileType = image.gif; path = b_22.gif; sourceTree = "<group>"; };
		BC9EA3461BB001A40017E7E6 /* b_23.gif */ = {isa = PBXFileReference; lastKnownFileType = image.gif; path = b_23.gif; sourceTree = "<group>"; };
		BC9EA3471BB001A40017E7E6 /* b_24.gif */ = {isa = PBXFileReference; lastKnownFileType = image.gif; path = b_24.gif; sourceTree = "<group>"; };
		BC9EA3481BB001A40017E7E6 /* b_25.gif */ = {isa = PBXFileReference; lastKnownFileType = image.gif; path = b_25.gif; sourceTree = "<group>"; };
		BC9EA3491BB001A40017E7E6 /* b_26.gif */ = {isa = PBXFileReference; lastKnownFileType = image.gif; path = b_26.gif; sourceTree = "<group>"; };
		BC9EA34A1BB001A40017E7E6 /* b_27.gif */ = {isa = PBXFileReference; lastKnownFileType = image.gif; path = b_27.gif; sourceTree = "<group>"; };
		BC9EA34B1BB001A40017E7E6 /* b_28.gif */ = {isa = PBXFileReference; lastKnownFileType = image.gif; path = b_28.gif; sourceTree = "<group>"; };
		BC9EA34C1BB001A40017E7E6 /* b_29.gif */ = {isa = PBXFileReference; lastKnownFileType = image.gif; path = b_29.gif; sourceTree = "<group>"; };
		BC9EA34D1BB001A40017E7E6 /* b_3.gif */ = {isa = PBXFileReference; lastKnownFileType = image.gif; path = b_3.gif; sourceTree = "<group>"; };
		BC9EA34E1BB001A40017E7E6 /* b_30.gif */ = {isa = PBXFileReference; lastKnownFileType = image.gif; path = b_30.gif; sourceTree = "<group>"; };
		BC9EA34F1BB001A40017E7E6 /* b_31.gif */ = {isa = PBXFileReference; lastKnownFileType = image.gif; path = b_31.gif; sourceTree = "<group>"; };
		BC9EA3501BB001A40017E7E6 /* b_4.gif */ = {isa = PBXFileReference; lastKnownFileType = image.gif; path = b_4.gif; sourceTree = "<group>"; };
		BC9EA3511BB001A40017E7E6 /* b_5.gif */ = {isa = PBXFileReference; lastKnownFileType = image.gif; path = b_5.gif; sourceTree = "<group>"; };
		BC9EA3521BB001A40017E7E6 /* b_6.gif */ = {isa = PBXFileReference; lastKnownFileType = image.gif; path = b_6.gif; sourceTree = "<group>"; };
		BC9EA3531BB001A40017E7E6 /* b_7.gif */ = {isa = PBXFileReference; lastKnownFileType = image.gif; path = b_7.gif; sourceTree = "<group>"; };
		BC9EA3541BB001A40017E7E6 /* b_8.gif */ = {isa = PBXFileReference; lastKnownFileType = image.gif; path = b_8.gif; sourceTree = "<group>"; };
		BC9EA3551BB001A40017E7E6 /* b_9.gif */ = {isa = PBXFileReference; lastKnownFileType = image.gif; path = b_9.gif; sourceTree = "<group>"; };
		BC9EA3561BB001A40017E7E6 /* b_nothing.gif */ = {isa = PBXFileReference; lastKnownFileType = image.gif; path = b_nothing.gif; sourceTree = "<group>"; };
		BC9EA3571BB001A40017E7E6 /* nothing.gif */ = {isa = PBXFileReference; lastKnownFileType = image.gif; path = nothing.gif; sourceTree = "<group>"; };
		BC9EA3581BB001A40017E7E6 /* r_b.gif */ = {isa = PBXFileReference; lastKnownFileType = image.gif; path = r_b.gif; sourceTree = "<group>"; };
		BC9EA3591BB001A40017E7E6 /* r_t1.gif */ = {isa = PBXFileReference; lastKnownFileType = image.gif; path = r_t1.gif; sourceTree = "<group>"; };
		BC9EA35A1BB001A40017E7E6 /* Read me.txt */ = {isa = PBXFileReference; fileEncoding = 4; lastKnownFileType = text; path = "Read me.txt"; sourceTree = "<group>"; };
		BC9EA35B1BB001A40017E7E6 /* tem1.gif */ = {isa = PBXFileReference; lastKnownFileType = image.gif; path = tem1.gif; sourceTree = "<group>"; };
		BC9EA35C1BB001A40017E7E6 /* tem2.gif */ = {isa = PBXFileReference; lastKnownFileType = image.gif; path = tem2.gif; sourceTree = "<group>"; };
		BC9EA35D1BB001A40017E7E6 /* tem3.gif */ = {isa = PBXFileReference; lastKnownFileType = image.gif; path = tem3.gif; sourceTree = "<group>"; };
		BC9EA35E1BB001A40017E7E6 /* tem4.gif */ = {isa = PBXFileReference; lastKnownFileType = image.gif; path = tem4.gif; sourceTree = "<group>"; };
		BC9EA35F1BB001A40017E7E6 /* tem5.gif */ = {isa = PBXFileReference; lastKnownFileType = image.gif; path = tem5.gif; sourceTree = "<group>"; };
		BCA89B861BB1323300CD7B16 /* HYXMLPares.h */ = {isa = PBXFileReference; fileEncoding = 4; lastKnownFileType = sourcecode.c.h; path = HYXMLPares.h; sourceTree = "<group>"; };
		BCA89B871BB1323300CD7B16 /* HYXMLPares.m */ = {isa = PBXFileReference; fileEncoding = 4; lastKnownFileType = sourcecode.c.objc; path = HYXMLPares.m; sourceTree = "<group>"; };
		BCA89B8D1BB148E800CD7B16 /* AFHTTPRequestOperation.h */ = {isa = PBXFileReference; fileEncoding = 4; lastKnownFileType = sourcecode.c.h; path = AFHTTPRequestOperation.h; sourceTree = "<group>"; };
		BCA89B8E1BB148E800CD7B16 /* AFHTTPRequestOperation.m */ = {isa = PBXFileReference; fileEncoding = 4; lastKnownFileType = sourcecode.c.objc; path = AFHTTPRequestOperation.m; sourceTree = "<group>"; };
		BCA89B8F1BB148E800CD7B16 /* AFHTTPRequestOperationManager.h */ = {isa = PBXFileReference; fileEncoding = 4; lastKnownFileType = sourcecode.c.h; path = AFHTTPRequestOperationManager.h; sourceTree = "<group>"; };
		BCA89B901BB148E800CD7B16 /* AFHTTPRequestOperationManager.m */ = {isa = PBXFileReference; fileEncoding = 4; lastKnownFileType = sourcecode.c.objc; path = AFHTTPRequestOperationManager.m; sourceTree = "<group>"; };
		BCA89B911BB148E800CD7B16 /* AFHTTPSessionManager.h */ = {isa = PBXFileReference; fileEncoding = 4; lastKnownFileType = sourcecode.c.h; path = AFHTTPSessionManager.h; sourceTree = "<group>"; };
		BCA89B921BB148E800CD7B16 /* AFHTTPSessionManager.m */ = {isa = PBXFileReference; fileEncoding = 4; lastKnownFileType = sourcecode.c.objc; path = AFHTTPSessionManager.m; sourceTree = "<group>"; };
		BCA89B931BB148E800CD7B16 /* AFNetworking.h */ = {isa = PBXFileReference; fileEncoding = 4; lastKnownFileType = sourcecode.c.h; path = AFNetworking.h; sourceTree = "<group>"; };
		BCA89B941BB148E800CD7B16 /* AFNetworkReachabilityManager.h */ = {isa = PBXFileReference; fileEncoding = 4; lastKnownFileType = sourcecode.c.h; path = AFNetworkReachabilityManager.h; sourceTree = "<group>"; };
		BCA89B951BB148E800CD7B16 /* AFNetworkReachabilityManager.m */ = {isa = PBXFileReference; fileEncoding = 4; lastKnownFileType = sourcecode.c.objc; path = AFNetworkReachabilityManager.m; sourceTree = "<group>"; };
		BCA89B961BB148E800CD7B16 /* AFSecurityPolicy.h */ = {isa = PBXFileReference; fileEncoding = 4; lastKnownFileType = sourcecode.c.h; path = AFSecurityPolicy.h; sourceTree = "<group>"; };
		BCA89B971BB148E800CD7B16 /* AFSecurityPolicy.m */ = {isa = PBXFileReference; fileEncoding = 4; lastKnownFileType = sourcecode.c.objc; path = AFSecurityPolicy.m; sourceTree = "<group>"; };
		BCA89B981BB148E800CD7B16 /* AFURLConnectionOperation.h */ = {isa = PBXFileReference; fileEncoding = 4; lastKnownFileType = sourcecode.c.h; path = AFURLConnectionOperation.h; sourceTree = "<group>"; };
		BCA89B991BB148E800CD7B16 /* AFURLConnectionOperation.m */ = {isa = PBXFileReference; fileEncoding = 4; lastKnownFileType = sourcecode.c.objc; path = AFURLConnectionOperation.m; sourceTree = "<group>"; };
		BCA89B9A1BB148E800CD7B16 /* AFURLRequestSerialization.h */ = {isa = PBXFileReference; fileEncoding = 4; lastKnownFileType = sourcecode.c.h; path = AFURLRequestSerialization.h; sourceTree = "<group>"; };
		BCA89B9B1BB148E800CD7B16 /* AFURLRequestSerialization.m */ = {isa = PBXFileReference; fileEncoding = 4; lastKnownFileType = sourcecode.c.objc; path = AFURLRequestSerialization.m; sourceTree = "<group>"; };
		BCA89B9C1BB148E800CD7B16 /* AFURLResponseSerialization.h */ = {isa = PBXFileReference; fileEncoding = 4; lastKnownFileType = sourcecode.c.h; path = AFURLResponseSerialization.h; sourceTree = "<group>"; };
		BCA89B9D1BB148E800CD7B16 /* AFURLResponseSerialization.m */ = {isa = PBXFileReference; fileEncoding = 4; lastKnownFileType = sourcecode.c.objc; path = AFURLResponseSerialization.m; sourceTree = "<group>"; };
		BCA89B9E1BB148E800CD7B16 /* AFURLSessionManager.h */ = {isa = PBXFileReference; fileEncoding = 4; lastKnownFileType = sourcecode.c.h; path = AFURLSessionManager.h; sourceTree = "<group>"; };
		BCA89B9F1BB148E800CD7B16 /* AFURLSessionManager.m */ = {isa = PBXFileReference; fileEncoding = 4; lastKnownFileType = sourcecode.c.objc; path = AFURLSessionManager.m; sourceTree = "<group>"; };
		BCA89BA11BB148E800CD7B16 /* AFNetworkActivityIndicatorManager.h */ = {isa = PBXFileReference; fileEncoding = 4; lastKnownFileType = sourcecode.c.h; path = AFNetworkActivityIndicatorManager.h; sourceTree = "<group>"; };
		BCA89BA21BB148E800CD7B16 /* AFNetworkActivityIndicatorManager.m */ = {isa = PBXFileReference; fileEncoding = 4; lastKnownFileType = sourcecode.c.objc; path = AFNetworkActivityIndicatorManager.m; sourceTree = "<group>"; };
		BCA89BA31BB148E800CD7B16 /* UIActivityIndicatorView+AFNetworking.h */ = {isa = PBXFileReference; fileEncoding = 4; lastKnownFileType = sourcecode.c.h; path = "UIActivityIndicatorView+AFNetworking.h"; sourceTree = "<group>"; };
		BCA89BA41BB148E800CD7B16 /* UIActivityIndicatorView+AFNetworking.m */ = {isa = PBXFileReference; fileEncoding = 4; lastKnownFileType = sourcecode.c.objc; path = "UIActivityIndicatorView+AFNetworking.m"; sourceTree = "<group>"; };
		BCA89BA51BB148E800CD7B16 /* UIAlertView+AFNetworking.h */ = {isa = PBXFileReference; fileEncoding = 4; lastKnownFileType = sourcecode.c.h; path = "UIAlertView+AFNetworking.h"; sourceTree = "<group>"; };
		BCA89BA61BB148E800CD7B16 /* UIAlertView+AFNetworking.m */ = {isa = PBXFileReference; fileEncoding = 4; lastKnownFileType = sourcecode.c.objc; path = "UIAlertView+AFNetworking.m"; sourceTree = "<group>"; };
		BCA89BA71BB148E800CD7B16 /* UIButton+AFNetworking.h */ = {isa = PBXFileReference; fileEncoding = 4; lastKnownFileType = sourcecode.c.h; path = "UIButton+AFNetworking.h"; sourceTree = "<group>"; };
		BCA89BA81BB148E800CD7B16 /* UIButton+AFNetworking.m */ = {isa = PBXFileReference; fileEncoding = 4; lastKnownFileType = sourcecode.c.objc; path = "UIButton+AFNetworking.m"; sourceTree = "<group>"; };
		BCA89BA91BB148E800CD7B16 /* UIImage+AFNetworking.h */ = {isa = PBXFileReference; fileEncoding = 4; lastKnownFileType = sourcecode.c.h; path = "UIImage+AFNetworking.h"; sourceTree = "<group>"; };
		BCA89BAA1BB148E800CD7B16 /* UIImageView+AFNetworking.h */ = {isa = PBXFileReference; fileEncoding = 4; lastKnownFileType = sourcecode.c.h; path = "UIImageView+AFNetworking.h"; sourceTree = "<group>"; };
		BCA89BAB1BB148E800CD7B16 /* UIImageView+AFNetworking.m */ = {isa = PBXFileReference; fileEncoding = 4; lastKnownFileType = sourcecode.c.objc; path = "UIImageView+AFNetworking.m"; sourceTree = "<group>"; };
		BCA89BAC1BB148E900CD7B16 /* UIKit+AFNetworking.h */ = {isa = PBXFileReference; fileEncoding = 4; lastKnownFileType = sourcecode.c.h; path = "UIKit+AFNetworking.h"; sourceTree = "<group>"; };
		BCA89BAD1BB148E900CD7B16 /* UIProgressView+AFNetworking.h */ = {isa = PBXFileReference; fileEncoding = 4; lastKnownFileType = sourcecode.c.h; path = "UIProgressView+AFNetworking.h"; sourceTree = "<group>"; };
		BCA89BAE1BB148E900CD7B16 /* UIProgressView+AFNetworking.m */ = {isa = PBXFileReference; fileEncoding = 4; lastKnownFileType = sourcecode.c.objc; path = "UIProgressView+AFNetworking.m"; sourceTree = "<group>"; };
		BCA89BAF1BB148E900CD7B16 /* UIRefreshControl+AFNetworking.h */ = {isa = PBXFileReference; fileEncoding = 4; lastKnownFileType = sourcecode.c.h; path = "UIRefreshControl+AFNetworking.h"; sourceTree = "<group>"; };
		BCA89BB01BB148E900CD7B16 /* UIRefreshControl+AFNetworking.m */ = {isa = PBXFileReference; fileEncoding = 4; lastKnownFileType = sourcecode.c.objc; path = "UIRefreshControl+AFNetworking.m"; sourceTree = "<group>"; };
		BCA89BB11BB148E900CD7B16 /* UIWebView+AFNetworking.h */ = {isa = PBXFileReference; fileEncoding = 4; lastKnownFileType = sourcecode.c.h; path = "UIWebView+AFNetworking.h"; sourceTree = "<group>"; };
		BCA89BB21BB148E900CD7B16 /* UIWebView+AFNetworking.m */ = {isa = PBXFileReference; fileEncoding = 4; lastKnownFileType = sourcecode.c.objc; path = "UIWebView+AFNetworking.m"; sourceTree = "<group>"; };
		BCA89BC41BB1496000CD7B16 /* libsystem_configuration.dylib */ = {isa = PBXFileReference; lastKnownFileType = "compiled.mach-o.dylib"; name = libsystem_configuration.dylib; path = usr/lib/system/libsystem_configuration.dylib; sourceTree = SDKROOT; };
		BCCD42911BAAA321002461A0 /* Leftcellview.h */ = {isa = PBXFileReference; fileEncoding = 4; lastKnownFileType = sourcecode.c.h; path = Leftcellview.h; sourceTree = "<group>"; };
		BCCD42921BAAA322002461A0 /* Leftcellview.m */ = {isa = PBXFileReference; fileEncoding = 4; lastKnownFileType = sourcecode.c.objc; path = Leftcellview.m; sourceTree = "<group>"; };
		BCCD42941BAAA6C2002461A0 /* Model.h */ = {isa = PBXFileReference; fileEncoding = 4; lastKnownFileType = sourcecode.c.h; path = Model.h; sourceTree = "<group>"; };
		BCCD42951BAAA6C2002461A0 /* Model.m */ = {isa = PBXFileReference; fileEncoding = 4; lastKnownFileType = sourcecode.c.objc; path = Model.m; sourceTree = "<group>"; };
		BCCD42971BAAA828002461A0 /* DetialView.h */ = {isa = PBXFileReference; fileEncoding = 4; lastKnownFileType = sourcecode.c.h; path = DetialView.h; sourceTree = "<group>"; };
		BCCD42981BAAA828002461A0 /* DetialView.m */ = {isa = PBXFileReference; fileEncoding = 4; lastKnownFileType = sourcecode.c.objc; path = DetialView.m; sourceTree = "<group>"; };
		BCCD42991BAAA828002461A0 /* MyTableViewCell.h */ = {isa = PBXFileReference; fileEncoding = 4; lastKnownFileType = sourcecode.c.h; path = MyTableViewCell.h; sourceTree = "<group>"; };
		BCCD429A1BAAA828002461A0 /* MyTableViewCell.m */ = {isa = PBXFileReference; fileEncoding = 4; lastKnownFileType = sourcecode.c.objc; path = MyTableViewCell.m; sourceTree = "<group>"; };
		EEA180881B328F1500A3186D /* LeftSlide.app */ = {isa = PBXFileReference; explicitFileType = wrapper.application; includeInIndex = 0; path = LeftSlide.app; sourceTree = BUILT_PRODUCTS_DIR; };
		EEA1808C1B328F1500A3186D /* Info.plist */ = {isa = PBXFileReference; lastKnownFileType = text.plist.xml; path = Info.plist; sourceTree = "<group>"; };
		EEA1808D1B328F1500A3186D /* main.m */ = {isa = PBXFileReference; lastKnownFileType = sourcecode.c.objc; path = main.m; sourceTree = "<group>"; };
		EEA1808F1B328F1500A3186D /* AppDelegate.h */ = {isa = PBXFileReference; lastKnownFileType = sourcecode.c.h; path = AppDelegate.h; sourceTree = "<group>"; };
		EEA180901B328F1500A3186D /* AppDelegate.m */ = {isa = PBXFileReference; lastKnownFileType = sourcecode.c.objc; path = AppDelegate.m; sourceTree = "<group>"; };
		EEA180981B328F1500A3186D /* Images.xcassets */ = {isa = PBXFileReference; lastKnownFileType = folder.assetcatalog; path = Images.xcassets; sourceTree = "<group>"; };
		EEA1809B1B328F1600A3186D /* Base */ = {isa = PBXFileReference; lastKnownFileType = file.xib; name = Base; path = Base.lproj/LaunchScreen.xib; sourceTree = "<group>"; };
		EEA180A11B328F1600A3186D /* LeftSlideTests.xctest */ = {isa = PBXFileReference; explicitFileType = wrapper.cfbundle; includeInIndex = 0; path = LeftSlideTests.xctest; sourceTree = BUILT_PRODUCTS_DIR; };
		EEA180A61B328F1600A3186D /* Info.plist */ = {isa = PBXFileReference; lastKnownFileType = text.plist.xml; path = Info.plist; sourceTree = "<group>"; };
		EEA180A71B328F1600A3186D /* LeftSlideTests.m */ = {isa = PBXFileReference; lastKnownFileType = sourcecode.c.objc; path = LeftSlideTests.m; sourceTree = "<group>"; };
		EEA180B21B32907700A3186D /* LeftSlideViewController.h */ = {isa = PBXFileReference; fileEncoding = 4; lastKnownFileType = sourcecode.c.h; path = LeftSlideViewController.h; sourceTree = "<group>"; };
		EEA180B31B32907700A3186D /* LeftSlideViewController.m */ = {isa = PBXFileReference; fileEncoding = 4; lastKnownFileType = sourcecode.c.objc; path = LeftSlideViewController.m; sourceTree = "<group>"; };
		EEA180B41B32907700A3186D /* UIView_extra.h */ = {isa = PBXFileReference; fileEncoding = 4; lastKnownFileType = sourcecode.c.h; path = UIView_extra.h; sourceTree = "<group>"; };
		EEA180B51B32907700A3186D /* UIView_extra.m */ = {isa = PBXFileReference; fileEncoding = 4; lastKnownFileType = sourcecode.c.objc; path = UIView_extra.m; sourceTree = "<group>"; };
		EEA180B81B3292A900A3186D /* MainPageViewController.h */ = {isa = PBXFileReference; fileEncoding = 4; lastKnownFileType = sourcecode.c.h; path = MainPageViewController.h; sourceTree = "<group>"; };
		EEA180B91B3292A900A3186D /* MainPageViewController.m */ = {isa = PBXFileReference; fileEncoding = 4; lastKnownFileType = sourcecode.c.objc; path = MainPageViewController.m; sourceTree = "<group>"; };
		EEA180BB1B3292CB00A3186D /* LeftSortsViewController.h */ = {isa = PBXFileReference; fileEncoding = 4; lastKnownFileType = sourcecode.c.h; path = LeftSortsViewController.h; sourceTree = "<group>"; };
		EEA180BC1B3292CB00A3186D /* LeftSortsViewController.m */ = {isa = PBXFileReference; fileEncoding = 4; lastKnownFileType = sourcecode.c.objc; path = LeftSortsViewController.m; sourceTree = "<group>"; };
		EEA180BE1B32930100A3186D /* OtherViewController.h */ = {isa = PBXFileReference; fileEncoding = 4; lastKnownFileType = sourcecode.c.h; path = OtherViewController.h; sourceTree = "<group>"; };
		EEA180BF1B32930100A3186D /* OtherViewController.m */ = {isa = PBXFileReference; fileEncoding = 4; lastKnownFileType = sourcecode.c.objc; path = OtherViewController.m; sourceTree = "<group>"; };
/* End PBXFileReference section */

/* Begin PBXFrameworksBuildPhase section */
		EEA180851B328F1500A3186D /* Frameworks */ = {
			isa = PBXFrameworksBuildPhase;
			buildActionMask = 2147483647;
			files = (
				BCA89BC51BB1496000CD7B16 /* libsystem_configuration.dylib in Frameworks */,
			);
			runOnlyForDeploymentPostprocessing = 0;
		};
		EEA1809E1B328F1600A3186D /* Frameworks */ = {
			isa = PBXFrameworksBuildPhase;
			buildActionMask = 2147483647;
			files = (
			);
			runOnlyForDeploymentPostprocessing = 0;
		};
/* End PBXFrameworksBuildPhase section */

/* Begin PBXGroup section */
		BC7115F31BAA5667007022D2 /* RightSlideView */ = {
			isa = PBXGroup;
			children = (
				EEA180BE1B32930100A3186D /* OtherViewController.h */,
				EEA180BF1B32930100A3186D /* OtherViewController.m */,
				BC7115F41BAA56BF007022D2 /* RightSlideCustomView.h */,
				BC7115F51BAA56BF007022D2 /* RightSlideCustomView.m */,
				BCCD42911BAAA321002461A0 /* Leftcellview.h */,
				BCCD42921BAAA322002461A0 /* Leftcellview.m */,
				BCCD42971BAAA828002461A0 /* DetialView.h */,
				BCCD42981BAAA828002461A0 /* DetialView.m */,
				BCCD42991BAAA828002461A0 /* MyTableViewCell.h */,
				BCCD429A1BAAA828002461A0 /* MyTableViewCell.m */,
				BCCD42941BAAA6C2002461A0 /* Model.h */,
				BCCD42951BAAA6C2002461A0 /* Model.m */,
			);
			name = RightSlideView;
			sourceTree = "<group>";
		};
		BC8563DB1BA6597100E55884 /* LeftOrRightView */ = {
			isa = PBXGroup;
			children = (
				EEA180BB1B3292CB00A3186D /* LeftSortsViewController.h */,
				EEA180BC1B3292CB00A3186D /* LeftSortsViewController.m */,
				BC8563DC1BA659DD00E55884 /* UIButton_extra.h */,
				BC8563DD1BA659DD00E55884 /* UIButton_extra.m */,
			);
			name = LeftOrRightView;
			sourceTree = "<group>";
		};
		BC8563E61BA6B19400E55884 /* AnotherView */ = {
			isa = PBXGroup;
			children = (
				BC8563E71BA6B21B00E55884 /* FriendlistView.h */,
				BC8563E81BA6B21B00E55884 /* FriendlistView.m */,
				BC9EA2E61BAFF0100017E7E6 /* Weathergroup */,
				BC8563ED1BA6B25800E55884 /* MessingView.h */,
				BC8563EE1BA6B25800E55884 /* MessingView.m */,
			);
			name = AnotherView;
			sourceTree = "<group>";
		};
		BC9EA2E61BAFF0100017E7E6 /* Weathergroup */ = {
			isa = PBXGroup;
			children = (
				BC8563EA1BA6B24300E55884 /* OtherPlayView.h */,
				BC8563EB1BA6B24300E55884 /* OtherPlayView.m */,
				BCA89B861BB1323300CD7B16 /* HYXMLPares.h */,
				BCA89B871BB1323300CD7B16 /* HYXMLPares.m */,
			);
			name = Weathergroup;
			sourceTree = "<group>";
		};
		BC9EA2F41BB001A30017E7E6 /* Sourceweather */ = {
			isa = PBXGroup;
			children = (
				BC9EA2F51BB001A30017E7E6 /* 0.gif */,
				BC9EA2F61BB001A30017E7E6 /* 1.gif */,
				BC9EA2F71BB001A30017E7E6 /* 10.gif */,
				BC9EA2F81BB001A30017E7E6 /* 11.gif */,
				BC9EA2F91BB001A30017E7E6 /* 12.gif */,
				BC9EA2FA1BB001A30017E7E6 /* 13.gif */,
				BC9EA2FB1BB001A30017E7E6 /* 14.gif */,
				BC9EA2FC1BB001A30017E7E6 /* 15.gif */,
				BC9EA2FD1BB001A30017E7E6 /* 16.gif */,
				BC9EA2FE1BB001A30017E7E6 /* 17.gif */,
				BC9EA2FF1BB001A30017E7E6 /* 18.gif */,
				BC9EA3001BB001A30017E7E6 /* 19.gif */,
				BC9EA3011BB001A30017E7E6 /* 2.gif */,
				BC9EA3021BB001A30017E7E6 /* 20.gif */,
				BC9EA3031BB001A30017E7E6 /* 21.gif */,
				BC9EA3041BB001A30017E7E6 /* 22.gif */,
				BC9EA3051BB001A30017E7E6 /* 23.gif */,
				BC9EA3061BB001A30017E7E6 /* 24.gif */,
				BC9EA3071BB001A30017E7E6 /* 25.gif */,
				BC9EA3081BB001A30017E7E6 /* 26.gif */,
				BC9EA3091BB001A30017E7E6 /* 27.gif */,
				BC9EA30A1BB001A30017E7E6 /* 28.gif */,
				BC9EA30B1BB001A30017E7E6 /* 29.gif */,
				BC9EA30C1BB001A30017E7E6 /* 3.gif */,
				BC9EA30D1BB001A30017E7E6 /* 30.gif */,
				BC9EA30E1BB001A30017E7E6 /* 31.gif */,
				BC9EA30F1BB001A30017E7E6 /* 4.gif */,
				BC9EA3101BB001A30017E7E6 /* 5.gif */,
				BC9EA3111BB001A30017E7E6 /* 6.gif */,
				BC9EA3121BB001A30017E7E6 /* 7.gif */,
				BC9EA3131BB001A30017E7E6 /* 8.gif */,
				BC9EA3141BB001A30017E7E6 /* 9.gif */,
				BC9EA3151BB001A30017E7E6 /* a_0.gif */,
				BC9EA3161BB001A30017E7E6 /* a_1.gif */,
				BC9EA3171BB001A30017E7E6 /* a_10.gif */,
				BC9EA3181BB001A30017E7E6 /* a_11.gif */,
				BC9EA3191BB001A30017E7E6 /* a_12.gif */,
				BC9EA31A1BB001A30017E7E6 /* a_13.gif */,
				BC9EA31B1BB001A30017E7E6 /* a_14.gif */,
				BC9EA31C1BB001A30017E7E6 /* a_15.gif */,
				BC9EA31D1BB001A30017E7E6 /* a_16.gif */,
				BC9EA31E1BB001A30017E7E6 /* a_17.gif */,
				BC9EA31F1BB001A30017E7E6 /* a_18.gif */,
				BC9EA3201BB001A30017E7E6 /* a_19.gif */,
				BC9EA3211BB001A30017E7E6 /* a_2.gif */,
				BC9EA3221BB001A30017E7E6 /* a_20.gif */,
				BC9EA3231BB001A30017E7E6 /* a_21.gif */,
				BC9EA3241BB001A30017E7E6 /* a_22.gif */,
				BC9EA3251BB001A30017E7E6 /* a_23.gif */,
				BC9EA3261BB001A30017E7E6 /* a_24.gif */,
				BC9EA3271BB001A30017E7E6 /* a_25.gif */,
				BC9EA3281BB001A30017E7E6 /* a_26.gif */,
				BC9EA3291BB001A30017E7E6 /* a_27.gif */,
				BC9EA32A1BB001A30017E7E6 /* a_28.gif */,
				BC9EA32B1BB001A30017E7E6 /* a_29.gif */,
				BC9EA32C1BB001A30017E7E6 /* a_3.gif */,
				BC9EA32D1BB001A30017E7E6 /* a_30.gif */,
				BC9EA32E1BB001A30017E7E6 /* a_31.gif */,
				BC9EA32F1BB001A30017E7E6 /* a_4.gif */,
				BC9EA3301BB001A30017E7E6 /* a_5.gif */,
				BC9EA3311BB001A30017E7E6 /* a_6.gif */,
				BC9EA3321BB001A30017E7E6 /* a_7.gif */,
				BC9EA3331BB001A30017E7E6 /* a_8.gif */,
				BC9EA3341BB001A40017E7E6 /* a_9.gif */,
				BC9EA3351BB001A40017E7E6 /* a_nothing.gif */,
				BC9EA3361BB001A40017E7E6 /* b_0.gif */,
				BC9EA3371BB001A40017E7E6 /* b_1.gif */,
				BC9EA3381BB001A40017E7E6 /* b_10.gif */,
				BC9EA3391BB001A40017E7E6 /* b_11.gif */,
				BC9EA33A1BB001A40017E7E6 /* b_12.gif */,
				BC9EA33B1BB001A40017E7E6 /* b_13.gif */,
				BC9EA33C1BB001A40017E7E6 /* b_14.gif */,
				BC9EA33D1BB001A40017E7E6 /* b_15.gif */,
				BC9EA33E1BB001A40017E7E6 /* b_16.gif */,
				BC9EA33F1BB001A40017E7E6 /* b_17.gif */,
				BC9EA3401BB001A40017E7E6 /* b_18.gif */,
				BC9EA3411BB001A40017E7E6 /* b_19.gif */,
				BC9EA3421BB001A40017E7E6 /* b_2.gif */,
				BC9EA3431BB001A40017E7E6 /* b_20.gif */,
				BC9EA3441BB001A40017E7E6 /* b_21.gif */,
				BC9EA3451BB001A40017E7E6 /* b_22.gif */,
				BC9EA3461BB001A40017E7E6 /* b_23.gif */,
				BC9EA3471BB001A40017E7E6 /* b_24.gif */,
				BC9EA3481BB001A40017E7E6 /* b_25.gif */,
				BC9EA3491BB001A40017E7E6 /* b_26.gif */,
				BC9EA34A1BB001A40017E7E6 /* b_27.gif */,
				BC9EA34B1BB001A40017E7E6 /* b_28.gif */,
				BC9EA34C1BB001A40017E7E6 /* b_29.gif */,
				BC9EA34D1BB001A40017E7E6 /* b_3.gif */,
				BC9EA34E1BB001A40017E7E6 /* b_30.gif */,
				BC9EA34F1BB001A40017E7E6 /* b_31.gif */,
				BC9EA3501BB001A40017E7E6 /* b_4.gif */,
				BC9EA3511BB001A40017E7E6 /* b_5.gif */,
				BC9EA3521BB001A40017E7E6 /* b_6.gif */,
				BC9EA3531BB001A40017E7E6 /* b_7.gif */,
				BC9EA3541BB001A40017E7E6 /* b_8.gif */,
				BC9EA3551BB001A40017E7E6 /* b_9.gif */,
				BC9EA3561BB001A40017E7E6 /* b_nothing.gif */,
				BC9EA3571BB001A40017E7E6 /* nothing.gif */,
				BC9EA3581BB001A40017E7E6 /* r_b.gif */,
				BC9EA3591BB001A40017E7E6 /* r_t1.gif */,
				BC9EA35A1BB001A40017E7E6 /* Read me.txt */,
				BC9EA35B1BB001A40017E7E6 /* tem1.gif */,
				BC9EA35C1BB001A40017E7E6 /* tem2.gif */,
				BC9EA35D1BB001A40017E7E6 /* tem3.gif */,
				BC9EA35E1BB001A40017E7E6 /* tem4.gif */,
				BC9EA35F1BB001A40017E7E6 /* tem5.gif */,
			);
			path = Sourceweather;
			sourceTree = "<group>";
		};
		BCA89B891BB1487300CD7B16 /* Farmwork */ = {
			isa = PBXGroup;
			children = (
				BCA89B8C1BB148E800CD7B16 /* AFNetworking */,
				BCA89BA01BB148E800CD7B16 /* UIKit+AFNetworking */,
			);
			path = Farmwork;
			sourceTree = "<group>";
		};
		BCA89B8C1BB148E800CD7B16 /* AFNetworking */ = {
			isa = PBXGroup;
			children = (
				BCA89B8D1BB148E800CD7B16 /* AFHTTPRequestOperation.h */,
				BCA89B8E1BB148E800CD7B16 /* AFHTTPRequestOperation.m */,
				BCA89B8F1BB148E800CD7B16 /* AFHTTPRequestOperationManager.h */,
				BCA89B901BB148E800CD7B16 /* AFHTTPRequestOperationManager.m */,
				BCA89B911BB148E800CD7B16 /* AFHTTPSessionManager.h */,
				BCA89B921BB148E800CD7B16 /* AFHTTPSessionManager.m */,
				BCA89B931BB148E800CD7B16 /* AFNetworking.h */,
				BCA89B941BB148E800CD7B16 /* AFNetworkReachabilityManager.h */,
				BCA89B951BB148E800CD7B16 /* AFNetworkReachabilityManager.m */,
				BCA89B961BB148E800CD7B16 /* AFSecurityPolicy.h */,
				BCA89B971BB148E800CD7B16 /* AFSecurityPolicy.m */,
				BCA89B981BB148E800CD7B16 /* AFURLConnectionOperation.h */,
				BCA89B991BB148E800CD7B16 /* AFURLConnectionOperation.m */,
				BCA89B9A1BB148E800CD7B16 /* AFURLRequestSerialization.h */,
				BCA89B9B1BB148E800CD7B16 /* AFURLRequestSerialization.m */,
				BCA89B9C1BB148E800CD7B16 /* AFURLResponseSerialization.h */,
				BCA89B9D1BB148E800CD7B16 /* AFURLResponseSerialization.m */,
				BCA89B9E1BB148E800CD7B16 /* AFURLSessionManager.h */,
				BCA89B9F1BB148E800CD7B16 /* AFURLSessionManager.m */,
			);
			path = AFNetworking;
			sourceTree = "<group>";
		};
		BCA89BA01BB148E800CD7B16 /* UIKit+AFNetworking */ = {
			isa = PBXGroup;
			children = (
				BCA89BA11BB148E800CD7B16 /* AFNetworkActivityIndicatorManager.h */,
				BCA89BA21BB148E800CD7B16 /* AFNetworkActivityIndicatorManager.m */,
				BCA89BA31BB148E800CD7B16 /* UIActivityIndicatorView+AFNetworking.h */,
				BCA89BA41BB148E800CD7B16 /* UIActivityIndicatorView+AFNetworking.m */,
				BCA89BA51BB148E800CD7B16 /* UIAlertView+AFNetworking.h */,
				BCA89BA61BB148E800CD7B16 /* UIAlertView+AFNetworking.m */,
				BCA89BA71BB148E800CD7B16 /* UIButton+AFNetworking.h */,
				BCA89BA81BB148E800CD7B16 /* UIButton+AFNetworking.m */,
				BCA89BA91BB148E800CD7B16 /* UIImage+AFNetworking.h */,
				BCA89BAA1BB148E800CD7B16 /* UIImageView+AFNetworking.h */,
				BCA89BAB1BB148E800CD7B16 /* UIImageView+AFNetworking.m */,
				BCA89BAC1BB148E900CD7B16 /* UIKit+AFNetworking.h */,
				BCA89BAD1BB148E900CD7B16 /* UIProgressView+AFNetworking.h */,
				BCA89BAE1BB148E900CD7B16 /* UIProgressView+AFNetworking.m */,
				BCA89BAF1BB148E900CD7B16 /* UIRefreshControl+AFNetworking.h */,
				BCA89BB01BB148E900CD7B16 /* UIRefreshControl+AFNetworking.m */,
				BCA89BB11BB148E900CD7B16 /* UIWebView+AFNetworking.h */,
				BCA89BB21BB148E900CD7B16 /* UIWebView+AFNetworking.m */,
			);
			path = "UIKit+AFNetworking";
			sourceTree = "<group>";
		};
		EEA1807F1B328F1500A3186D = {
			isa = PBXGroup;
			children = (
				BCA89BC41BB1496000CD7B16 /* libsystem_configuration.dylib */,
				BCA89B891BB1487300CD7B16 /* Farmwork */,
				BC9EA2F41BB001A30017E7E6 /* Sourceweather */,
				EEA1808A1B328F1500A3186D /* LeftSlide */,
				EEA180A41B328F1600A3186D /* LeftSlideTests */,
				EEA180891B328F1500A3186D /* Products */,
			);
			sourceTree = "<group>";
		};
		EEA180891B328F1500A3186D /* Products */ = {
			isa = PBXGroup;
			children = (
				EEA180881B328F1500A3186D /* LeftSlide.app */,
				EEA180A11B328F1600A3186D /* LeftSlideTests.xctest */,
			);
			name = Products;
			sourceTree = "<group>";
		};
		EEA1808A1B328F1500A3186D /* LeftSlide */ = {
			isa = PBXGroup;
			children = (
				BC8563E41BA67C0B00E55884 /* setting@2x.png */,
				EEA180B11B32907700A3186D /* LeftSlideViewController */,
				BC7115F31BAA5667007022D2 /* RightSlideView */,
				BC8563E61BA6B19400E55884 /* AnotherView */,
				BC8563DB1BA6597100E55884 /* LeftOrRightView */,
				EEA180901B328F1500A3186D /* AppDelegate.m */,
				EEA1808F1B328F1500A3186D /* AppDelegate.h */,
				EEA180B81B3292A900A3186D /* MainPageViewController.h */,
				EEA180B91B3292A900A3186D /* MainPageViewController.m */,
				EEA180981B328F1500A3186D /* Images.xcassets */,
				EEA1809A1B328F1600A3186D /* LaunchScreen.xib */,
				EEA1808B1B328F1500A3186D /* Supporting Files */,
			);
			path = LeftSlide;
			sourceTree = "<group>";
		};
		EEA1808B1B328F1500A3186D /* Supporting Files */ = {
			isa = PBXGroup;
			children = (
				EEA1808C1B328F1500A3186D /* Info.plist */,
				EEA1808D1B328F1500A3186D /* main.m */,
			);
			name = "Supporting Files";
			sourceTree = "<group>";
		};
		EEA180A41B328F1600A3186D /* LeftSlideTests */ = {
			isa = PBXGroup;
			children = (
				EEA180A71B328F1600A3186D /* LeftSlideTests.m */,
				EEA180A51B328F1600A3186D /* Supporting Files */,
			);
			path = LeftSlideTests;
			sourceTree = "<group>";
		};
		EEA180A51B328F1600A3186D /* Supporting Files */ = {
			isa = PBXGroup;
			children = (
				EEA180A61B328F1600A3186D /* Info.plist */,
			);
			name = "Supporting Files";
			sourceTree = "<group>";
		};
		EEA180B11B32907700A3186D /* LeftSlideViewController */ = {
			isa = PBXGroup;
			children = (
				EEA180B21B32907700A3186D /* LeftSlideViewController.h */,
				EEA180B31B32907700A3186D /* LeftSlideViewController.m */,
				EEA180B41B32907700A3186D /* UIView_extra.h */,
				EEA180B51B32907700A3186D /* UIView_extra.m */,
			);
			path = LeftSlideViewController;
			sourceTree = "<group>";
		};
/* End PBXGroup section */

/* Begin PBXNativeTarget section */
		EEA180871B328F1500A3186D /* LeftSlide */ = {
			isa = PBXNativeTarget;
			buildConfigurationList = EEA180AB1B328F1600A3186D /* Build configuration list for PBXNativeTarget "LeftSlide" */;
			buildPhases = (
				EEA180841B328F1500A3186D /* Sources */,
				EEA180851B328F1500A3186D /* Frameworks */,
				EEA180861B328F1500A3186D /* Resources */,
			);
			buildRules = (
			);
			dependencies = (
			);
			name = LeftSlide;
			productName = LeftSlide;
			productReference = EEA180881B328F1500A3186D /* LeftSlide.app */;
			productType = "com.apple.product-type.application";
		};
		EEA180A01B328F1600A3186D /* LeftSlideTests */ = {
			isa = PBXNativeTarget;
			buildConfigurationList = EEA180AE1B328F1600A3186D /* Build configuration list for PBXNativeTarget "LeftSlideTests" */;
			buildPhases = (
				EEA1809D1B328F1600A3186D /* Sources */,
				EEA1809E1B328F1600A3186D /* Frameworks */,
				EEA1809F1B328F1600A3186D /* Resources */,
			);
			buildRules = (
			);
			dependencies = (
				EEA180A31B328F1600A3186D /* PBXTargetDependency */,
			);
			name = LeftSlideTests;
			productName = LeftSlideTests;
			productReference = EEA180A11B328F1600A3186D /* LeftSlideTests.xctest */;
			productType = "com.apple.product-type.bundle.unit-test";
		};
/* End PBXNativeTarget section */

/* Begin PBXProject section */
		EEA180801B328F1500A3186D /* Project object */ = {
			isa = PBXProject;
			attributes = {
				LastUpgradeCheck = 0630;
				ORGANIZATIONNAME = eamon;
				TargetAttributes = {
					EEA180871B328F1500A3186D = {
						CreatedOnToolsVersion = 6.3;
					};
					EEA180A01B328F1600A3186D = {
						CreatedOnToolsVersion = 6.3;
						TestTargetID = EEA180871B328F1500A3186D;
					};
				};
			};
			buildConfigurationList = EEA180831B328F1500A3186D /* Build configuration list for PBXProject "LeftSlide" */;
			compatibilityVersion = "Xcode 3.2";
			developmentRegion = English;
			hasScannedForEncodings = 0;
			knownRegions = (
				en,
				Base,
			);
			mainGroup = EEA1807F1B328F1500A3186D;
			productRefGroup = EEA180891B328F1500A3186D /* Products */;
			projectDirPath = "";
			projectRoot = "";
			targets = (
				EEA180871B328F1500A3186D /* LeftSlide */,
				EEA180A01B328F1600A3186D /* LeftSlideTests */,
			);
		};
/* End PBXProject section */

/* Begin PBXResourcesBuildPhase section */
		EEA180861B328F1500A3186D /* Resources */ = {
			isa = PBXResourcesBuildPhase;
			buildActionMask = 2147483647;
			files = (
				BC9EA39D1BB001A40017E7E6 /* a_7.gif in Resources */,
				BC9EA3B01BB001A40017E7E6 /* b_22.gif in Resources */,
				BC9EA3C31BB001A40017E7E6 /* r_b.gif in Resources */,
				BC9EA37D1BB001A40017E7E6 /* 7.gif in Resources */,
				BC9EA3691BB001A40017E7E6 /* 17.gif in Resources */,
				BC9EA3C71BB001A40017E7E6 /* tem2.gif in Resources */,
				BC9EA3BB1BB001A40017E7E6 /* b_4.gif in Resources */,
				BC9EA3B31BB001A40017E7E6 /* b_25.gif in Resources */,
				BC9EA38B1BB001A40017E7E6 /* a_19.gif in Resources */,
				BC9EA3A01BB001A40017E7E6 /* a_nothing.gif in Resources */,
				BC9EA3B61BB001A40017E7E6 /* b_28.gif in Resources */,
				BC9EA3961BB001A40017E7E6 /* a_29.gif in Resources */,
				BC9EA3781BB001A40017E7E6 /* 30.gif in Resources */,
				BC9EA3AC1BB001A40017E7E6 /* b_19.gif in Resources */,
				BC9EA3A61BB001A40017E7E6 /* b_13.gif in Resources */,
				BC9EA3A41BB001A40017E7E6 /* b_11.gif in Resources */,
				BC9EA38D1BB001A40017E7E6 /* a_20.gif in Resources */,
				BC9EA3CA1BB001A40017E7E6 /* tem5.gif in Resources */,
				BC9EA3B11BB001A40017E7E6 /* b_23.gif in Resources */,
				BC9EA3BA1BB001A40017E7E6 /* b_31.gif in Resources */,
				BC9EA3901BB001A40017E7E6 /* a_23.gif in Resources */,
				BC9EA3A31BB001A40017E7E6 /* b_10.gif in Resources */,
				BC9EA39A1BB001A40017E7E6 /* a_4.gif in Resources */,
				BC9EA3981BB001A40017E7E6 /* a_30.gif in Resources */,
				BC9EA38A1BB001A40017E7E6 /* a_18.gif in Resources */,
				BC9EA36E1BB001A40017E7E6 /* 21.gif in Resources */,
				BC9EA3631BB001A40017E7E6 /* 11.gif in Resources */,
				BC9EA3A51BB001A40017E7E6 /* b_12.gif in Resources */,
				BC9EA39B1BB001A40017E7E6 /* a_5.gif in Resources */,
				BC9EA3BD1BB001A40017E7E6 /* b_6.gif in Resources */,
				BC9EA3BE1BB001A40017E7E6 /* b_7.gif in Resources */,
				BC9EA37B1BB001A40017E7E6 /* 5.gif in Resources */,
				BC9EA3681BB001A40017E7E6 /* 16.gif in Resources */,
				BC9EA3C11BB001A40017E7E6 /* b_nothing.gif in Resources */,
				BC9EA3891BB001A40017E7E6 /* a_17.gif in Resources */,
				BC9EA3931BB001A40017E7E6 /* a_26.gif in Resources */,
				BC9EA3861BB001A40017E7E6 /* a_14.gif in Resources */,
				BC9EA3B21BB001A40017E7E6 /* b_24.gif in Resources */,
				BC9EA3841BB001A40017E7E6 /* a_12.gif in Resources */,
				BC9EA3BC1BB001A40017E7E6 /* b_5.gif in Resources */,
				BC9EA3A91BB001A40017E7E6 /* b_16.gif in Resources */,
				BC9EA3AB1BB001A40017E7E6 /* b_18.gif in Resources */,
				BC9EA37F1BB001A40017E7E6 /* 9.gif in Resources */,
				BC9EA39E1BB001A40017E7E6 /* a_8.gif in Resources */,
				BC9EA3711BB001A40017E7E6 /* 24.gif in Resources */,
				EEA1809C1B328F1600A3186D /* LaunchScreen.xib in Resources */,
				BC9EA3BF1BB001A40017E7E6 /* b_8.gif in Resources */,
				BC9EA3C61BB001A40017E7E6 /* tem1.gif in Resources */,
				BC9EA3831BB001A40017E7E6 /* a_11.gif in Resources */,
				BC9EA3851BB001A40017E7E6 /* a_13.gif in Resources */,
				BC9EA3811BB001A40017E7E6 /* a_1.gif in Resources */,
				BC9EA3621BB001A40017E7E6 /* 10.gif in Resources */,
				BC9EA3C21BB001A40017E7E6 /* nothing.gif in Resources */,
				BC9EA3601BB001A40017E7E6 /* 0.gif in Resources */,
				BC9EA3731BB001A40017E7E6 /* 26.gif in Resources */,
				BC9EA3B71BB001A40017E7E6 /* b_29.gif in Resources */,
				BC9EA3651BB001A40017E7E6 /* 13.gif in Resources */,
				BC9EA39F1BB001A40017E7E6 /* a_9.gif in Resources */,
				BC9EA3721BB001A40017E7E6 /* 25.gif in Resources */,
				BC9EA3801BB001A40017E7E6 /* a_0.gif in Resources */,
				BC9EA36A1BB001A40017E7E6 /* 18.gif in Resources */,
				BC9EA3B91BB001A40017E7E6 /* b_30.gif in Resources */,
				BC9EA3661BB001A40017E7E6 /* 14.gif in Resources */,
				BC9EA3C91BB001A40017E7E6 /* tem4.gif in Resources */,
				BC9EA39C1BB001A40017E7E6 /* a_6.gif in Resources */,
				BC9EA38E1BB001A40017E7E6 /* a_21.gif in Resources */,
				BC9EA3971BB001A40017E7E6 /* a_3.gif in Resources */,
				BC9EA3761BB001A40017E7E6 /* 29.gif in Resources */,
				EEA180991B328F1600A3186D /* Images.xcassets in Resources */,
				BC9EA3B41BB001A40017E7E6 /* b_26.gif in Resources */,
				BC9EA3821BB001A40017E7E6 /* a_10.gif in Resources */,
				BC9EA38F1BB001A40017E7E6 /* a_22.gif in Resources */,
				BC9EA3AE1BB001A40017E7E6 /* b_20.gif in Resources */,
				BC9EA36B1BB001A40017E7E6 /* 19.gif in Resources */,
				BC9EA36C1BB001A40017E7E6 /* 2.gif in Resources */,
				BC9EA3641BB001A40017E7E6 /* 12.gif in Resources */,
				BC9EA3B51BB001A40017E7E6 /* b_27.gif in Resources */,
				BC9EA3A21BB001A40017E7E6 /* b_1.gif in Resources */,
				BC9EA3871BB001A40017E7E6 /* a_15.gif in Resources */,
				BC9EA37E1BB001A40017E7E6 /* 8.gif in Resources */,
				BC9EA3771BB001A40017E7E6 /* 3.gif in Resources */,
				BC9EA3951BB001A40017E7E6 /* a_28.gif in Resources */,
				BC9EA3611BB001A40017E7E6 /* 1.gif in Resources */,
				BC9EA3AD1BB001A40017E7E6 /* b_2.gif in Resources */,
				BC9EA3701BB001A40017E7E6 /* 23.gif in Resources */,
				BC9EA3741BB001A40017E7E6 /* 27.gif in Resources */,
				BC9EA3A81BB001A40017E7E6 /* b_15.gif in Resources */,
				BC9EA3AA1BB001A40017E7E6 /* b_17.gif in Resources */,
				BC9EA3C51BB001A40017E7E6 /* Read me.txt in Resources */,
				BC9EA3991BB001A40017E7E6 /* a_31.gif in Resources */,
				BC9EA3751BB001A40017E7E6 /* 28.gif in Resources */,
				BC9EA3921BB001A40017E7E6 /* a_25.gif in Resources */,
				BC9EA3A11BB001A40017E7E6 /* b_0.gif in Resources */,
				BC9EA36F1BB001A40017E7E6 /* 22.gif in Resources */,
				BC9EA3791BB001A40017E7E6 /* 31.gif in Resources */,
				BC9EA3C41BB001A40017E7E6 /* r_t1.gif in Resources */,
				BC8563E51BA67C0B00E55884 /* setting@2x.png in Resources */,
				BC9EA3881BB001A40017E7E6 /* a_16.gif in Resources */,
				BC9EA3C01BB001A40017E7E6 /* b_9.gif in Resources */,
				BC9EA3C81BB001A40017E7E6 /* tem3.gif in Resources */,
				BC9EA3A71BB001A40017E7E6 /* b_14.gif in Resources */,
				BC9EA37A1BB001A40017E7E6 /* 4.gif in Resources */,
				BC9EA3911BB001A40017E7E6 /* a_24.gif in Resources */,
				BC9EA3AF1BB001A40017E7E6 /* b_21.gif in Resources */,
				BC9EA36D1BB001A40017E7E6 /* 20.gif in Resources */,
				BC9EA38C1BB001A40017E7E6 /* a_2.gif in Resources */,
				BC9EA3941BB001A40017E7E6 /* a_27.gif in Resources */,
				BC9EA3671BB001A40017E7E6 /* 15.gif in Resources */,
				BC9EA37C1BB001A40017E7E6 /* 6.gif in Resources */,
				BC9EA3B81BB001A40017E7E6 /* b_3.gif in Resources */,
			);
			runOnlyForDeploymentPostprocessing = 0;
		};
		EEA1809F1B328F1600A3186D /* Resources */ = {
			isa = PBXResourcesBuildPhase;
			buildActionMask = 2147483647;
			files = (
			);
			runOnlyForDeploymentPostprocessing = 0;
		};
/* End PBXResourcesBuildPhase section */

/* Begin PBXSourcesBuildPhase section */
		EEA180841B328F1500A3186D /* Sources */ = {
			isa = PBXSourcesBuildPhase;
			buildActionMask = 2147483647;
			files = (
				BCA89BC11BB148E900CD7B16 /* UIProgressView+AFNetworking.m in Sources */,
				BCA89BC01BB148E900CD7B16 /* UIImageView+AFNetworking.m in Sources */,
				BCA89BB31BB148E900CD7B16 /* AFHTTPRequestOperation.m in Sources */,
				BC8563E91BA6B21B00E55884 /* FriendlistView.m in Sources */,
				EEA180BA1B3292A900A3186D /* MainPageViewController.m in Sources */,
				EEA180BD1B3292CB00A3186D /* LeftSortsViewController.m in Sources */,
				EEA180911B328F1500A3186D /* AppDelegate.m in Sources */,
				EEA180B71B32907700A3186D /* UIView_extra.m in Sources */,
				BCA89BBD1BB148E900CD7B16 /* UIActivityIndicatorView+AFNetworking.m in Sources */,
				BCCD429C1BAAA828002461A0 /* MyTableViewCell.m in Sources */,
				BCA89BC31BB148E900CD7B16 /* UIWebView+AFNetworking.m in Sources */,
				BCA89BB51BB148E900CD7B16 /* AFHTTPSessionManager.m in Sources */,
				BCA89BBC1BB148E900CD7B16 /* AFNetworkActivityIndicatorManager.m in Sources */,
				BC8563EF1BA6B25800E55884 /* MessingView.m in Sources */,
				BCA89BBE1BB148E900CD7B16 /* UIAlertView+AFNetworking.m in Sources */,
				BC7115F61BAA56BF007022D2 /* RightSlideCustomView.m in Sources */,
				BCA89BB61BB148E900CD7B16 /* AFNetworkReachabilityManager.m in Sources */,
				BCA89BBB1BB148E900CD7B16 /* AFURLSessionManager.m in Sources */,
				BC8563DE1BA659DD00E55884 /* UIButton_extra.m in Sources */,
				BCCD42931BAAA322002461A0 /* Leftcellview.m in Sources */,
				BCA89BB81BB148E900CD7B16 /* AFURLConnectionOperation.m in Sources */,
				BCA89BBA1BB148E900CD7B16 /* AFURLResponseSerialization.m in Sources */,
				EEA180C01B32930100A3186D /* OtherViewController.m in Sources */,
				BCA89BB91BB148E900CD7B16 /* AFURLRequestSerialization.m in Sources */,
				BCA89B881BB1323300CD7B16 /* HYXMLPares.m in Sources */,
				EEA1808E1B328F1500A3186D /* main.m in Sources */,
				BCCD429B1BAAA828002461A0 /* DetialView.m in Sources */,
				BCCD42961BAAA6C2002461A0 /* Model.m in Sources */,
				EEA180B61B32907700A3186D /* LeftSlideViewController.m in Sources */,
				BCA89BBF1BB148E900CD7B16 /* UIButton+AFNetworking.m in Sources */,
				BCA89BC21BB148E900CD7B16 /* UIRefreshControl+AFNetworking.m in Sources */,
				BCA89BB41BB148E900CD7B16 /* AFHTTPRequestOperationManager.m in Sources */,
				BCA89BB71BB148E900CD7B16 /* AFSecurityPolicy.m in Sources */,
				BC8563EC1BA6B24300E55884 /* OtherPlayView.m in Sources */,
			);
			runOnlyForDeploymentPostprocessing = 0;
		};
		EEA1809D1B328F1600A3186D /* Sources */ = {
			isa = PBXSourcesBuildPhase;
			buildActionMask = 2147483647;
			files = (
				EEA180A81B328F1600A3186D /* LeftSlideTests.m in Sources */,
			);
			runOnlyForDeploymentPostprocessing = 0;
		};
/* End PBXSourcesBuildPhase section */

/* Begin PBXTargetDependency section */
		EEA180A31B328F1600A3186D /* PBXTargetDependency */ = {
			isa = PBXTargetDependency;
			target = EEA180871B328F1500A3186D /* LeftSlide */;
			targetProxy = EEA180A21B328F1600A3186D /* PBXContainerItemProxy */;
		};
/* End PBXTargetDependency section */

/* Begin PBXVariantGroup section */
		EEA1809A1B328F1600A3186D /* LaunchScreen.xib */ = {
			isa = PBXVariantGroup;
			children = (
				EEA1809B1B328F1600A3186D /* Base */,
			);
			name = LaunchScreen.xib;
			sourceTree = "<group>";
		};
/* End PBXVariantGroup section */

/* Begin XCBuildConfiguration section */
		EEA180A91B328F1600A3186D /* Debug */ = {
			isa = XCBuildConfiguration;
			buildSettings = {
				ALWAYS_SEARCH_USER_PATHS = NO;
				CLANG_CXX_LANGUAGE_STANDARD = "gnu++0x";
				CLANG_CXX_LIBRARY = "libc++";
				CLANG_ENABLE_MODULES = YES;
				CLANG_ENABLE_OBJC_ARC = YES;
				CLANG_WARN_BOOL_CONVERSION = YES;
				CLANG_WARN_CONSTANT_CONVERSION = YES;
				CLANG_WARN_DIRECT_OBJC_ISA_USAGE = YES_ERROR;
				CLANG_WARN_EMPTY_BODY = YES;
				CLANG_WARN_ENUM_CONVERSION = YES;
				CLANG_WARN_INT_CONVERSION = YES;
				CLANG_WARN_OBJC_ROOT_CLASS = YES_ERROR;
				CLANG_WARN_UNREACHABLE_CODE = YES;
				CLANG_WARN__DUPLICATE_METHOD_MATCH = YES;
				"CODE_SIGN_IDENTITY[sdk=iphoneos*]" = "iPhone Developer";
				COPY_PHASE_STRIP = NO;
				DEBUG_INFORMATION_FORMAT = "dwarf-with-dsym";
				ENABLE_STRICT_OBJC_MSGSEND = YES;
				GCC_C_LANGUAGE_STANDARD = gnu99;
				GCC_DYNAMIC_NO_PIC = NO;
				GCC_NO_COMMON_BLOCKS = YES;
				GCC_OPTIMIZATION_LEVEL = 0;
				GCC_PREPROCESSOR_DEFINITIONS = (
					"DEBUG=1",
					"$(inherited)",
				);
				GCC_SYMBOLS_PRIVATE_EXTERN = NO;
				GCC_WARN_64_TO_32_BIT_CONVERSION = YES;
				GCC_WARN_ABOUT_RETURN_TYPE = YES_ERROR;
				GCC_WARN_UNDECLARED_SELECTOR = YES;
				GCC_WARN_UNINITIALIZED_AUTOS = YES_AGGRESSIVE;
				GCC_WARN_UNUSED_FUNCTION = YES;
				GCC_WARN_UNUSED_VARIABLE = YES;
				IPHONEOS_DEPLOYMENT_TARGET = 8.3;
				MTL_ENABLE_DEBUG_INFO = YES;
				ONLY_ACTIVE_ARCH = YES;
				SDKROOT = iphoneos;
			};
			name = Debug;
		};
		EEA180AA1B328F1600A3186D /* Release */ = {
			isa = XCBuildConfiguration;
			buildSettings = {
				ALWAYS_SEARCH_USER_PATHS = NO;
				CLANG_CXX_LANGUAGE_STANDARD = "gnu++0x";
				CLANG_CXX_LIBRARY = "libc++";
				CLANG_ENABLE_MODULES = YES;
				CLANG_ENABLE_OBJC_ARC = YES;
				CLANG_WARN_BOOL_CONVERSION = YES;
				CLANG_WARN_CONSTANT_CONVERSION = YES;
				CLANG_WARN_DIRECT_OBJC_ISA_USAGE = YES_ERROR;
				CLANG_WARN_EMPTY_BODY = YES;
				CLANG_WARN_ENUM_CONVERSION = YES;
				CLANG_WARN_INT_CONVERSION = YES;
				CLANG_WARN_OBJC_ROOT_CLASS = YES_ERROR;
				CLANG_WARN_UNREACHABLE_CODE = YES;
				CLANG_WARN__DUPLICATE_METHOD_MATCH = YES;
				"CODE_SIGN_IDENTITY[sdk=iphoneos*]" = "iPhone Developer";
				COPY_PHASE_STRIP = NO;
				DEBUG_INFORMATION_FORMAT = "dwarf-with-dsym";
				ENABLE_NS_ASSERTIONS = NO;
				ENABLE_STRICT_OBJC_MSGSEND = YES;
				GCC_C_LANGUAGE_STANDARD = gnu99;
				GCC_NO_COMMON_BLOCKS = YES;
				GCC_WARN_64_TO_32_BIT_CONVERSION = YES;
				GCC_WARN_ABOUT_RETURN_TYPE = YES_ERROR;
				GCC_WARN_UNDECLARED_SELECTOR = YES;
				GCC_WARN_UNINITIALIZED_AUTOS = YES_AGGRESSIVE;
				GCC_WARN_UNUSED_FUNCTION = YES;
				GCC_WARN_UNUSED_VARIABLE = YES;
				IPHONEOS_DEPLOYMENT_TARGET = 8.3;
				MTL_ENABLE_DEBUG_INFO = NO;
				SDKROOT = iphoneos;
				VALIDATE_PRODUCT = YES;
			};
			name = Release;
		};
		EEA180AC1B328F1600A3186D /* Debug */ = {
			isa = XCBuildConfiguration;
			buildSettings = {
				ARCHS = "$(ARCHS_STANDARD)";
				ASSETCATALOG_COMPILER_APPICON_NAME = AppIcon;
				INFOPLIST_FILE = LeftSlide/Info.plist;
				LD_RUNPATH_SEARCH_PATHS = "$(inherited) @executable_path/Frameworks";
				LIBRARY_SEARCH_PATHS = (
					"$(inherited)",
					"$(SDKROOT)/usr/lib/system",
				);
				ONLY_ACTIVE_ARCH = NO;
				PRODUCT_NAME = "$(TARGET_NAME)";
				VALID_ARCHS = "armv7 armv7s armv64";
			};
			name = Debug;
		};
		EEA180AD1B328F1600A3186D /* Release */ = {
			isa = XCBuildConfiguration;
			buildSettings = {
				ARCHS = "$(ARCHS_STANDARD)";
				ASSETCATALOG_COMPILER_APPICON_NAME = AppIcon;
				INFOPLIST_FILE = LeftSlide/Info.plist;
				LD_RUNPATH_SEARCH_PATHS = "$(inherited) @executable_path/Frameworks";
				LIBRARY_SEARCH_PATHS = (
					"$(inherited)",
					"$(SDKROOT)/usr/lib/system",
				);
				ONLY_ACTIVE_ARCH = NO;
				PRODUCT_NAME = "$(TARGET_NAME)";
				VALID_ARCHS = "armv7 armv7s armv64";
			};
			name = Release;
		};
		EEA180AF1B328F1600A3186D /* Debug */ = {
			isa = XCBuildConfiguration;
			buildSettings = {
				BUNDLE_LOADER = "$(TEST_HOST)";
				FRAMEWORK_SEARCH_PATHS = (
					"$(SDKROOT)/Developer/Library/Frameworks",
					"$(inherited)",
				);
				GCC_PREPROCESSOR_DEFINITIONS = (
					"DEBUG=1",
					"$(inherited)",
				);
				INFOPLIST_FILE = LeftSlideTests/Info.plist;
				LD_RUNPATH_SEARCH_PATHS = "$(inherited) @executable_path/Frameworks @loader_path/Frameworks";
				PRODUCT_NAME = "$(TARGET_NAME)";
				TEST_HOST = "$(BUILT_PRODUCTS_DIR)/LeftSlide.app/LeftSlide";
			};
			name = Debug;
		};
		EEA180B01B328F1600A3186D /* Release */ = {
			isa = XCBuildConfiguration;
			buildSettings = {
				BUNDLE_LOADER = "$(TEST_HOST)";
				FRAMEWORK_SEARCH_PATHS = (
					"$(SDKROOT)/Developer/Library/Frameworks",
					"$(inherited)",
				);
				INFOPLIST_FILE = LeftSlideTests/Info.plist;
				LD_RUNPATH_SEARCH_PATHS = "$(inherited) @executable_path/Frameworks @loader_path/Frameworks";
				PRODUCT_NAME = "$(TARGET_NAME)";
				TEST_HOST = "$(BUILT_PRODUCTS_DIR)/LeftSlide.app/LeftSlide";
			};
			name = Release;
		};
/* End XCBuildConfiguration section */

/* Begin XCConfigurationList section */
		EEA180831B328F1500A3186D /* Build configuration list for PBXProject "LeftSlide" */ = {
			isa = XCConfigurationList;
			buildConfigurations = (
				EEA180A91B328F1600A3186D /* Debug */,
				EEA180AA1B328F1600A3186D /* Release */,
			);
			defaultConfigurationIsVisible = 0;
			defaultConfigurationName = Release;
		};
		EEA180AB1B328F1600A3186D /* Build configuration list for PBXNativeTarget "LeftSlide" */ = {
			isa = XCConfigurationList;
			buildConfigurations = (
				EEA180AC1B328F1600A3186D /* Debug */,
				EEA180AD1B328F1600A3186D /* Release */,
			);
			defaultConfigurationIsVisible = 0;
			defaultConfigurationName = Release;
		};
		EEA180AE1B328F1600A3186D /* Build configuration list for PBXNativeTarget "LeftSlideTests" */ = {
			isa = XCConfigurationList;
			buildConfigurations = (
				EEA180AF1B328F1600A3186D /* Debug */,
				EEA180B01B328F1600A3186D /* Release */,
			);
			defaultConfigurationIsVisible = 0;
			defaultConfigurationName = Release;
		};
/* End XCConfigurationList section */
	};
	rootObject = EEA180801B328F1500A3186D /* Project object */;
}
